// !$*UTF8*$!
{
	archiveVersion = 1;
	classes = {
	};
	objectVersion = 60;
	objects = {

/* Begin PBXBuildFile section */
		85064AE02B26880A0074E45A /* LaunchesQuery.graphql in Resources */ = {isa = PBXBuildFile; fileRef = 85064ADF2B26880A0074E45A /* LaunchesQuery.graphql */; };
		85064AE32B2690DD0074E45A /* SpaceXAPI in Frameworks */ = {isa = PBXBuildFile; productRef = 85064AE22B2690DD0074E45A /* SpaceXAPI */; };
		85064AE52B269D2A0074E45A /* launchFragment.graphql in Resources */ = {isa = PBXBuildFile; fileRef = 85064AE42B269D2A0074E45A /* launchFragment.graphql */; };
		85064AEF2B292EA80074E45A /* ViewHeightKey.swift in Sources */ = {isa = PBXBuildFile; fileRef = 85064AEE2B292EA80074E45A /* ViewHeightKey.swift */; };
		85064AF12B292ECF0074E45A /* LikeDislikeButtons.swift in Sources */ = {isa = PBXBuildFile; fileRef = 85064AF02B292ECF0074E45A /* LikeDislikeButtons.swift */; };
		850A2FDD2B0AE54B003B12B7 /* amoringApp.swift in Sources */ = {isa = PBXBuildFile; fileRef = 850A2FDC2B0AE54B003B12B7 /* amoringApp.swift */; };
		850A2FDF2B0AE54B003B12B7 /* ContentView.swift in Sources */ = {isa = PBXBuildFile; fileRef = 850A2FDE2B0AE54B003B12B7 /* ContentView.swift */; };
		850A2FE12B0AE54D003B12B7 /* Assets.xcassets in Resources */ = {isa = PBXBuildFile; fileRef = 850A2FE02B0AE54D003B12B7 /* Assets.xcassets */; };
		850A2FE52B0AE54D003B12B7 /* Preview Assets.xcassets in Resources */ = {isa = PBXBuildFile; fileRef = 850A2FE42B0AE54D003B12B7 /* Preview Assets.xcassets */; };
		850A2FEF2B0AE54D003B12B7 /* amoringTests.swift in Sources */ = {isa = PBXBuildFile; fileRef = 850A2FEE2B0AE54D003B12B7 /* amoringTests.swift */; };
		850A2FF92B0AE54D003B12B7 /* amoringUITests.swift in Sources */ = {isa = PBXBuildFile; fileRef = 850A2FF82B0AE54D003B12B7 /* amoringUITests.swift */; };
		850A2FFB2B0AE54D003B12B7 /* amoringUITestsLaunchTests.swift in Sources */ = {isa = PBXBuildFile; fileRef = 850A2FFA2B0AE54D003B12B7 /* amoringUITestsLaunchTests.swift */; };
		850A300B2B0AEA09003B12B7 /* SessionManager.swift in Sources */ = {isa = PBXBuildFile; fileRef = 850A300A2B0AEA09003B12B7 /* SessionManager.swift */; };
		850A300F2B0AEDF8003B12B7 /* SessionView.swift in Sources */ = {isa = PBXBuildFile; fileRef = 850A300E2B0AEDF8003B12B7 /* SessionView.swift */; };
		850A30112B0AEE1F003B12B7 /* SignInView.swift in Sources */ = {isa = PBXBuildFile; fileRef = 850A30102B0AEE1F003B12B7 /* SignInView.swift */; };
		850A301C2B0AEF41003B12B7 /* Pretendard-ExtraBold.ttf in Resources */ = {isa = PBXBuildFile; fileRef = 850A30132B0AEF40003B12B7 /* Pretendard-ExtraBold.ttf */; };
		850A301D2B0AEF41003B12B7 /* Pretendard-SemiBold.ttf in Resources */ = {isa = PBXBuildFile; fileRef = 850A30142B0AEF41003B12B7 /* Pretendard-SemiBold.ttf */; };
		850A301E2B0AEF41003B12B7 /* Pretendard-Regular.ttf in Resources */ = {isa = PBXBuildFile; fileRef = 850A30152B0AEF41003B12B7 /* Pretendard-Regular.ttf */; };
		850A301F2B0AEF41003B12B7 /* Pretendard-Thin.ttf in Resources */ = {isa = PBXBuildFile; fileRef = 850A30162B0AEF41003B12B7 /* Pretendard-Thin.ttf */; };
		850A30202B0AEF41003B12B7 /* Pretendard-Bold.ttf in Resources */ = {isa = PBXBuildFile; fileRef = 850A30172B0AEF41003B12B7 /* Pretendard-Bold.ttf */; };
		850A30212B0AEF41003B12B7 /* Pretendard-Medium.ttf in Resources */ = {isa = PBXBuildFile; fileRef = 850A30182B0AEF41003B12B7 /* Pretendard-Medium.ttf */; };
		850A30222B0AEF41003B12B7 /* Pretendard-Light.ttf in Resources */ = {isa = PBXBuildFile; fileRef = 850A30192B0AEF41003B12B7 /* Pretendard-Light.ttf */; };
		850A30232B0AEF41003B12B7 /* Pretendard-Black.ttf in Resources */ = {isa = PBXBuildFile; fileRef = 850A301A2B0AEF41003B12B7 /* Pretendard-Black.ttf */; };
		850A30242B0AEF41003B12B7 /* Pretendard-ExtraLight.ttf in Resources */ = {isa = PBXBuildFile; fileRef = 850A301B2B0AEF41003B12B7 /* Pretendard-ExtraLight.ttf */; };
		850A30262B0AEF6C003B12B7 /* DesignSystem.swift in Sources */ = {isa = PBXBuildFile; fileRef = 850A30252B0AEF6C003B12B7 /* DesignSystem.swift */; };
		850A30282B0AEFA9003B12B7 /* ScreenHelper.swift in Sources */ = {isa = PBXBuildFile; fileRef = 850A30272B0AEFA9003B12B7 /* ScreenHelper.swift */; };
		850A302B2B0B0D62003B12B7 /* NavigatorView.swift in Sources */ = {isa = PBXBuildFile; fileRef = 850A302A2B0B0D62003B12B7 /* NavigatorView.swift */; };
		850A30312B0B1CC7003B12B7 /* NearbyView.swift in Sources */ = {isa = PBXBuildFile; fileRef = 850A30302B0B1CC7003B12B7 /* NearbyView.swift */; };
		850A30332B0B1CD6003B12B7 /* AmoringView.swift in Sources */ = {isa = PBXBuildFile; fileRef = 850A30322B0B1CD6003B12B7 /* AmoringView.swift */; };
		850A30352B0B1CE3003B12B7 /* MessagesView.swift in Sources */ = {isa = PBXBuildFile; fileRef = 850A30342B0B1CE3003B12B7 /* MessagesView.swift */; };
		850A30372B0B1CF0003B12B7 /* AccountView.swift in Sources */ = {isa = PBXBuildFile; fileRef = 850A30362B0B1CF0003B12B7 /* AccountView.swift */; };
		850A30392B0B236A003B12B7 /* Localizable.xcstrings in Resources */ = {isa = PBXBuildFile; fileRef = 850A30382B0B236A003B12B7 /* Localizable.xcstrings */; };
		850A303E2B0B2C61003B12B7 /* BusinessOnboardingView.swift in Sources */ = {isa = PBXBuildFile; fileRef = 850A303D2B0B2C61003B12B7 /* BusinessOnboardingView.swift */; };
		850A30402B0B2DEF003B12B7 /* BusinessSignInView.swift in Sources */ = {isa = PBXBuildFile; fileRef = 850A303F2B0B2DEF003B12B7 /* BusinessSignInView.swift */; };
		851AF8F42B3D2495005A8DEB /* BusinessDetailsView.swift in Sources */ = {isa = PBXBuildFile; fileRef = 851AF8F32B3D2494005A8DEB /* BusinessDetailsView.swift */; };
		851AF8F62B3E8D3B005A8DEB /* Launch Screen .storyboard in Resources */ = {isa = PBXBuildFile; fileRef = 851AF8F52B3E8D3B005A8DEB /* Launch Screen .storyboard */; };
		851AF8F82B3E8E46005A8DEB /* LogoLoadingView.swift in Sources */ = {isa = PBXBuildFile; fileRef = 851AF8F72B3E8E46005A8DEB /* LogoLoadingView.swift */; };
		851AF8FA2B3E9F3D005A8DEB /* SignInSheet.swift in Sources */ = {isa = PBXBuildFile; fileRef = 851AF8F92B3E9F3D005A8DEB /* SignInSheet.swift */; };
		8522A5E92B2A7B39008AF703 /* TrackableScrollView.swift in Sources */ = {isa = PBXBuildFile; fileRef = 8522A5E82B2A7B39008AF703 /* TrackableScrollView.swift */; };
		8522A5EB2B2AA9EC008AF703 /* ExpandedView.swift in Sources */ = {isa = PBXBuildFile; fileRef = 8522A5EA2B2AA9EC008AF703 /* ExpandedView.swift */; };
		8522A5ED2B2AAE4F008AF703 /* TagCloudView.swift in Sources */ = {isa = PBXBuildFile; fileRef = 8522A5EC2B2AAE4F008AF703 /* TagCloudView.swift */; };
		8522A5F02B2AC912008AF703 /* CachedAsyncImage in Frameworks */ = {isa = PBXBuildFile; productRef = 8522A5EF2B2AC912008AF703 /* CachedAsyncImage */; };
		8522A5F22B2BDFE7008AF703 /* Dummy.swift in Sources */ = {isa = PBXBuildFile; fileRef = 8522A5F12B2BDFE7008AF703 /* Dummy.swift */; };
		8522A5F42B2BE03D008AF703 /* Interest.swift in Sources */ = {isa = PBXBuildFile; fileRef = 8522A5F32B2BE03D008AF703 /* Interest.swift */; };
		8522A5F62B2BE831008AF703 /* mbti.swift in Sources */ = {isa = PBXBuildFile; fileRef = 8522A5F52B2BE831008AF703 /* mbti.swift */; };
		8522A5F92B2BFA00008AF703 /* PurchaseView.swift in Sources */ = {isa = PBXBuildFile; fileRef = 8522A5F82B2BFA00008AF703 /* PurchaseView.swift */; };
		8522A5FB2B2C2F6A008AF703 /* PurchaseModel.swift in Sources */ = {isa = PBXBuildFile; fileRef = 8522A5FA2B2C2F6A008AF703 /* PurchaseModel.swift */; };
		8522A5FD2B2C4B4C008AF703 /* Data.swift in Sources */ = {isa = PBXBuildFile; fileRef = 8522A5FC2B2C4B4C008AF703 /* Data.swift */; };
		8522A5FF2B2C4B6F008AF703 /* PurchaseSimpleWindow.swift in Sources */ = {isa = PBXBuildFile; fileRef = 8522A5FE2B2C4B6F008AF703 /* PurchaseSimpleWindow.swift */; };
		8522A6012B2C4B96008AF703 /* PurchaseLoungeWindow.swift in Sources */ = {isa = PBXBuildFile; fileRef = 8522A6002B2C4B96008AF703 /* PurchaseLoungeWindow.swift */; };
		8522A6032B2C4BAD008AF703 /* PurchaseLikeWindow.swift in Sources */ = {isa = PBXBuildFile; fileRef = 8522A6022B2C4BAD008AF703 /* PurchaseLikeWindow.swift */; };
		853AFD4C2B1DB0890020A570 /* NavigationStackBackport in Frameworks */ = {isa = PBXBuildFile; productRef = 853AFD4B2B1DB0890020A570 /* NavigationStackBackport */; };
		853AFD4E2B1DB2150020A570 /* NavigationAmoringController.swift in Sources */ = {isa = PBXBuildFile; fileRef = 853AFD4D2B1DB2150020A570 /* NavigationAmoringController.swift */; };
		853AFD522B1DBD7F0020A570 /* NavigationAuthController.swift in Sources */ = {isa = PBXBuildFile; fileRef = 853AFD512B1DBD7F0020A570 /* NavigationAuthController.swift */; };
		853AFD542B1DC6BF0020A570 /* CustomTextField.swift in Sources */ = {isa = PBXBuildFile; fileRef = 853AFD532B1DC6BF0020A570 /* CustomTextField.swift */; };
		854C7B032B180C5D0060CE03 /* CoctailToggle.swift in Sources */ = {isa = PBXBuildFile; fileRef = 854C7B022B180C5D0060CE03 /* CoctailToggle.swift */; };
		854C7B052B1815EE0060CE03 /* PurchasedLikesView.swift in Sources */ = {isa = PBXBuildFile; fileRef = 854C7B042B1815EE0060CE03 /* PurchasedLikesView.swift */; };
		854C7B072B1818AB0060CE03 /* LikesFromMaxView.swift in Sources */ = {isa = PBXBuildFile; fileRef = 854C7B062B1818AB0060CE03 /* LikesFromMaxView.swift */; };
		854C7B092B181B1C0060CE03 /* ProfileCardView.swift in Sources */ = {isa = PBXBuildFile; fileRef = 854C7B082B181B1C0060CE03 /* ProfileCardView.swift */; };
		85806C472B22F6920077D12C /* schema.graphqls in Resources */ = {isa = PBXBuildFile; fileRef = 85806C462B22F6920077D12C /* schema.graphqls */; };
		85806C492B22F7330077D12C /* RocketsQuery.graphql in Resources */ = {isa = PBXBuildFile; fileRef = 85806C482B22F7330077D12C /* RocketsQuery.graphql */; };
		85806C4C2B22F7AB0077D12C /* SpaceXAPI in Frameworks */ = {isa = PBXBuildFile; productRef = 85806C4B2B22F7AB0077D12C /* SpaceXAPI */; };
		85806C4F2B22F8650077D12C /* NetworkService.swift in Sources */ = {isa = PBXBuildFile; fileRef = 85806C4E2B22F8650077D12C /* NetworkService.swift */; };
		85806C512B22F90E0077D12C /* Apollo in Frameworks */ = {isa = PBXBuildFile; productRef = 85806C502B22F90E0077D12C /* Apollo */; };
		85806C532B22FBB90077D12C /* GraphQLManager.swift in Sources */ = {isa = PBXBuildFile; fileRef = 85806C522B22FBB90077D12C /* GraphQLManager.swift */; };
		858862382B34FA9B009CC600 /* CheckIn.swift in Sources */ = {isa = PBXBuildFile; fileRef = 858862372B34FA9B009CC600 /* CheckIn.swift */; };
		85B028A12B2FE7B300A738AB /* SessionController.swift in Sources */ = {isa = PBXBuildFile; fileRef = 85B028A02B2FE7B300A738AB /* SessionController.swift */; };
		85B028A32B3019B500A738AB /* NavigationsMessagesController.swift in Sources */ = {isa = PBXBuildFile; fileRef = 85B028A22B3019B500A738AB /* NavigationsMessagesController.swift */; };
		85B028A52B301A2B00A738AB /* PeopleLikesView.swift in Sources */ = {isa = PBXBuildFile; fileRef = 85B028A42B301A2B00A738AB /* PeopleLikesView.swift */; };
		85D0DECF2B352AE90029DA5D /* GoogleSignIn in Frameworks */ = {isa = PBXBuildFile; productRef = 85D0DECE2B352AE90029DA5D /* GoogleSignIn */; };
		85D0DED12B352AE90029DA5D /* GoogleSignInSwift in Frameworks */ = {isa = PBXBuildFile; productRef = 85D0DED02B352AE90029DA5D /* GoogleSignInSwift */; };
		85D0DED42B3534840029DA5D /* KakaoSDKAuth in Frameworks */ = {isa = PBXBuildFile; productRef = 85D0DED32B3534840029DA5D /* KakaoSDKAuth */; };
		85D0DED62B3534840029DA5D /* KakaoSDKCommon in Frameworks */ = {isa = PBXBuildFile; productRef = 85D0DED52B3534840029DA5D /* KakaoSDKCommon */; };
		85D0DED82B3534840029DA5D /* KakaoSDKUser in Frameworks */ = {isa = PBXBuildFile; productRef = 85D0DED72B3534840029DA5D /* KakaoSDKUser */; };
		85D0DEDB2B3564530029DA5D /* TestView.swift in Sources */ = {isa = PBXBuildFile; fileRef = 85D0DEDA2B3564530029DA5D /* TestView.swift */; };
		85D0DEE02B3A6B130029DA5D /* NavigationController.swift in Sources */ = {isa = PBXBuildFile; fileRef = 85D0DEDF2B3A6B130029DA5D /* NavigationController.swift */; };
		85D0DEE22B3BA9000029DA5D /* AdaptsToKeyboard.swift in Sources */ = {isa = PBXBuildFile; fileRef = 85D0DEE12B3BA9000029DA5D /* AdaptsToKeyboard.swift */; };
		85D26F652B1F07C000E3C55F /* SwipibleProfileVIew.swift in Sources */ = {isa = PBXBuildFile; fileRef = 85D26F642B1F07C000E3C55F /* SwipibleProfileVIew.swift */; };
		85D26F672B2015FE00E3C55F /* CheckInView.swift in Sources */ = {isa = PBXBuildFile; fileRef = 85D26F662B2015FE00E3C55F /* CheckInView.swift */; };
		85D26F6C2B20198B00E3C55F /* CodeScanner.swift in Sources */ = {isa = PBXBuildFile; fileRef = 85D26F692B20198A00E3C55F /* CodeScanner.swift */; };
		85D26F6D2B20198B00E3C55F /* QRCodeGenerator.swift in Sources */ = {isa = PBXBuildFile; fileRef = 85D26F6A2B20198A00E3C55F /* QRCodeGenerator.swift */; };
		85D26F6E2B20198B00E3C55F /* ScannerViewController.swift in Sources */ = {isa = PBXBuildFile; fileRef = 85D26F6B2B20198A00E3C55F /* ScannerViewController.swift */; };
		85D26F702B20306500E3C55F /* ProfilesView.swift in Sources */ = {isa = PBXBuildFile; fileRef = 85D26F6F2B20306500E3C55F /* ProfilesView.swift */; };
		85D36AEC2B0F25BC00106BC0 /* MenuView.swift in Sources */ = {isa = PBXBuildFile; fileRef = 85D36AEB2B0F25BC00106BC0 /* MenuView.swift */; };
		85D36AEE2B0F261F00106BC0 /* BusinessEnterView.swift in Sources */ = {isa = PBXBuildFile; fileRef = 85D36AED2B0F261F00106BC0 /* BusinessEnterView.swift */; };
		85D36AF02B0F26DB00106BC0 /* SettingsView.swift in Sources */ = {isa = PBXBuildFile; fileRef = 85D36AEF2B0F26DB00106BC0 /* SettingsView.swift */; };
		85D36AF22B0F285300106BC0 /* BusnessSettings.swift in Sources */ = {isa = PBXBuildFile; fileRef = 85D36AF12B0F285300106BC0 /* BusnessSettings.swift */; };
		85E8E93C2B3109EE0054EBCE /* Message.swift in Sources */ = {isa = PBXBuildFile; fileRef = 85E8E93B2B3109EE0054EBCE /* Message.swift */; };
		85E8E93E2B3119780054EBCE /* Reaction.swift in Sources */ = {isa = PBXBuildFile; fileRef = 85E8E93D2B3119780054EBCE /* Reaction.swift */; };
		85E8E9402B3140580054EBCE /* ListOfConversations.swift in Sources */ = {isa = PBXBuildFile; fileRef = 85E8E93F2B3140580054EBCE /* ListOfConversations.swift */; };
		85E8E9422B3140850054EBCE /* ListOfPeopleLikesLink.swift in Sources */ = {isa = PBXBuildFile; fileRef = 85E8E9412B3140850054EBCE /* ListOfPeopleLikesLink.swift */; };
		85E8E9442B3145390054EBCE /* ConversationView.swift in Sources */ = {isa = PBXBuildFile; fileRef = 85E8E9432B3145390054EBCE /* ConversationView.swift */; };
		85FB6B892B43DA3A0023A889 /* schema1.graphqls in Resources */ = {isa = PBXBuildFile; fileRef = 85FB6B882B43DA3A0023A889 /* schema1.graphqls */; };
		85FB6B8B2B43EC820023A889 /* NextBlackButton.swift in Sources */ = {isa = PBXBuildFile; fileRef = 85FB6B8A2B43EC820023A889 /* NextBlackButton.swift */; };
		85FB6B8D2B44D3BB0023A889 /* PickerButton.swift in Sources */ = {isa = PBXBuildFile; fileRef = 85FB6B8C2B44D3BB0023A889 /* PickerButton.swift */; };
		85FB6B8F2B44ED210023A889 /* UserOnboardingIntro.swift in Sources */ = {isa = PBXBuildFile; fileRef = 85FB6B8E2B44ED210023A889 /* UserOnboardingIntro.swift */; };
		85FB6B912B450E980023A889 /* UserOnboardingInterests.swift in Sources */ = {isa = PBXBuildFile; fileRef = 85FB6B902B450E980023A889 /* UserOnboardingInterests.swift */; };
		85FB6B932B4622F20023A889 /* FullSizeButton.swift in Sources */ = {isa = PBXBuildFile; fileRef = 85FB6B922B4622F20023A889 /* FullSizeButton.swift */; };
		85FB6B952B4628EC0023A889 /* CustomSheet.swift in Sources */ = {isa = PBXBuildFile; fileRef = 85FB6B942B4628EC0023A889 /* CustomSheet.swift */; };
		85FC207E2B0C510100DC1950 /* UserOnboardingAge.swift in Sources */ = {isa = PBXBuildFile; fileRef = 85FC20762B0C510100DC1950 /* UserOnboardingAge.swift */; };
		85FC207F2B0C510100DC1950 /* UserOnboardingName.swift in Sources */ = {isa = PBXBuildFile; fileRef = 85FC20772B0C510100DC1950 /* UserOnboardingName.swift */; };
		85FC20802B0C510100DC1950 /* UserOnboardingBio.swift in Sources */ = {isa = PBXBuildFile; fileRef = 85FC20782B0C510100DC1950 /* UserOnboardingBio.swift */; };
		85FC20812B0C510100DC1950 /* UserOnboardingSuccess.swift in Sources */ = {isa = PBXBuildFile; fileRef = 85FC20792B0C510100DC1950 /* UserOnboardingSuccess.swift */; };
		85FC20832B0C510100DC1950 /* UserOnboardingGender.swift in Sources */ = {isa = PBXBuildFile; fileRef = 85FC207B2B0C510100DC1950 /* UserOnboardingGender.swift */; };
		85FC20842B0C510100DC1950 /* UserOnboardingTerms.swift in Sources */ = {isa = PBXBuildFile; fileRef = 85FC207C2B0C510100DC1950 /* UserOnboardingTerms.swift */; };
		85FC20852B0C510100DC1950 /* UserOnboardingPhoto.swift in Sources */ = {isa = PBXBuildFile; fileRef = 85FC207D2B0C510100DC1950 /* UserOnboardingPhoto.swift */; };
		85FC208E2B0C514400DC1950 /* ReordableForEach.swift in Sources */ = {isa = PBXBuildFile; fileRef = 85FC20872B0C514400DC1950 /* ReordableForEach.swift */; };
		85FC208F2B0C514400DC1950 /* AddedImageView.swift in Sources */ = {isa = PBXBuildFile; fileRef = 85FC20882B0C514400DC1950 /* AddedImageView.swift */; };
		85FC20902B0C514400DC1950 /* ImagePicker.swift in Sources */ = {isa = PBXBuildFile; fileRef = 85FC20892B0C514400DC1950 /* ImagePicker.swift */; };
		85FC20912B0C514400DC1950 /* AddImageView.swift in Sources */ = {isa = PBXBuildFile; fileRef = 85FC208A2B0C514400DC1950 /* AddImageView.swift */; };
		85FC20922B0C514400DC1950 /* DragRelocateDelegate.swift in Sources */ = {isa = PBXBuildFile; fileRef = 85FC208B2B0C514400DC1950 /* DragRelocateDelegate.swift */; };
		85FC20942B0C514400DC1950 /* PictureGridView.swift in Sources */ = {isa = PBXBuildFile; fileRef = 85FC208D2B0C514400DC1950 /* PictureGridView.swift */; };
		85FC20962B0C96E800DC1950 /* UserOnboardingView.swift in Sources */ = {isa = PBXBuildFile; fileRef = 85FC20952B0C96E800DC1950 /* UserOnboardingView.swift */; };
		85FC20982B0D70E300DC1950 /* User.swift in Sources */ = {isa = PBXBuildFile; fileRef = 85FC20972B0D70E300DC1950 /* User.swift */; };
		85FC209B2B0D717700DC1950 /* Constants.swift in Sources */ = {isa = PBXBuildFile; fileRef = 85FC209A2B0D717700DC1950 /* Constants.swift */; };
		85FC209D2B0D729300DC1950 /* Extensions.swift in Sources */ = {isa = PBXBuildFile; fileRef = 85FC209C2B0D729300DC1950 /* Extensions.swift */; };
		85FC209F2B0D75AB00DC1950 /* UserManager.swift in Sources */ = {isa = PBXBuildFile; fileRef = 85FC209E2B0D75AB00DC1950 /* UserManager.swift */; };
		85FC20A22B0D95A500DC1950 /* BusinessSignUp.swift in Sources */ = {isa = PBXBuildFile; fileRef = 85FC20A12B0D95A500DC1950 /* BusinessSignUp.swift */; };
		85FC20A42B0D964800DC1950 /* OTPView.swift in Sources */ = {isa = PBXBuildFile; fileRef = 85FC20A32B0D964800DC1950 /* OTPView.swift */; };
		85FC20A62B0D9DC700DC1950 /* Business.swift in Sources */ = {isa = PBXBuildFile; fileRef = 85FC20A52B0D9DC700DC1950 /* Business.swift */; };
		85FC20A82B0DAAFF00DC1950 /* BusinessSessionView.swift in Sources */ = {isa = PBXBuildFile; fileRef = 85FC20A72B0DAAFF00DC1950 /* BusinessSessionView.swift */; };
		85FC20AA2B0DB29000DC1950 /* BusinessTermsView.swift in Sources */ = {isa = PBXBuildFile; fileRef = 85FC20A92B0DB29000DC1950 /* BusinessTermsView.swift */; };
		85FC20AC2B0DB31B00DC1950 /* PlansView.swift in Sources */ = {isa = PBXBuildFile; fileRef = 85FC20AB2B0DB31B00DC1950 /* PlansView.swift */; };
		85FC20AE2B0DB38F00DC1950 /* BusinessSuccess.swift in Sources */ = {isa = PBXBuildFile; fileRef = 85FC20AD2B0DB38F00DC1950 /* BusinessSuccess.swift */; };
/* End PBXBuildFile section */

/* Begin PBXContainerItemProxy section */
		850A2FEB2B0AE54D003B12B7 /* PBXContainerItemProxy */ = {
			isa = PBXContainerItemProxy;
			containerPortal = 850A2FD12B0AE54B003B12B7 /* Project object */;
			proxyType = 1;
			remoteGlobalIDString = 850A2FD82B0AE54B003B12B7;
			remoteInfo = amoring;
		};
		850A2FF52B0AE54D003B12B7 /* PBXContainerItemProxy */ = {
			isa = PBXContainerItemProxy;
			containerPortal = 850A2FD12B0AE54B003B12B7 /* Project object */;
			proxyType = 1;
			remoteGlobalIDString = 850A2FD82B0AE54B003B12B7;
			remoteInfo = amoring;
		};
/* End PBXContainerItemProxy section */

/* Begin PBXFileReference section */
		85064ADF2B26880A0074E45A /* LaunchesQuery.graphql */ = {isa = PBXFileReference; lastKnownFileType = text; path = LaunchesQuery.graphql; sourceTree = "<group>"; };
		85064AE42B269D2A0074E45A /* launchFragment.graphql */ = {isa = PBXFileReference; lastKnownFileType = text; path = launchFragment.graphql; sourceTree = "<group>"; };
		85064AEE2B292EA80074E45A /* ViewHeightKey.swift */ = {isa = PBXFileReference; lastKnownFileType = sourcecode.swift; path = ViewHeightKey.swift; sourceTree = "<group>"; };
		85064AF02B292ECF0074E45A /* LikeDislikeButtons.swift */ = {isa = PBXFileReference; lastKnownFileType = sourcecode.swift; path = LikeDislikeButtons.swift; sourceTree = "<group>"; };
		850A2FD92B0AE54B003B12B7 /* Amoring.app */ = {isa = PBXFileReference; explicitFileType = wrapper.application; includeInIndex = 0; path = Amoring.app; sourceTree = BUILT_PRODUCTS_DIR; };
		850A2FDC2B0AE54B003B12B7 /* amoringApp.swift */ = {isa = PBXFileReference; lastKnownFileType = sourcecode.swift; path = amoringApp.swift; sourceTree = "<group>"; };
		850A2FDE2B0AE54B003B12B7 /* ContentView.swift */ = {isa = PBXFileReference; lastKnownFileType = sourcecode.swift; path = ContentView.swift; sourceTree = "<group>"; };
		850A2FE02B0AE54D003B12B7 /* Assets.xcassets */ = {isa = PBXFileReference; lastKnownFileType = folder.assetcatalog; path = Assets.xcassets; sourceTree = "<group>"; };
		850A2FE22B0AE54D003B12B7 /* amoring.entitlements */ = {isa = PBXFileReference; lastKnownFileType = text.plist.entitlements; path = amoring.entitlements; sourceTree = "<group>"; };
		850A2FE42B0AE54D003B12B7 /* Preview Assets.xcassets */ = {isa = PBXFileReference; lastKnownFileType = folder.assetcatalog; path = "Preview Assets.xcassets"; sourceTree = "<group>"; };
		850A2FEA2B0AE54D003B12B7 /* amoringTests.xctest */ = {isa = PBXFileReference; explicitFileType = wrapper.cfbundle; includeInIndex = 0; path = amoringTests.xctest; sourceTree = BUILT_PRODUCTS_DIR; };
		850A2FEE2B0AE54D003B12B7 /* amoringTests.swift */ = {isa = PBXFileReference; lastKnownFileType = sourcecode.swift; path = amoringTests.swift; sourceTree = "<group>"; };
		850A2FF42B0AE54D003B12B7 /* amoringUITests.xctest */ = {isa = PBXFileReference; explicitFileType = wrapper.cfbundle; includeInIndex = 0; path = amoringUITests.xctest; sourceTree = BUILT_PRODUCTS_DIR; };
		850A2FF82B0AE54D003B12B7 /* amoringUITests.swift */ = {isa = PBXFileReference; lastKnownFileType = sourcecode.swift; path = amoringUITests.swift; sourceTree = "<group>"; };
		850A2FFA2B0AE54D003B12B7 /* amoringUITestsLaunchTests.swift */ = {isa = PBXFileReference; lastKnownFileType = sourcecode.swift; path = amoringUITestsLaunchTests.swift; sourceTree = "<group>"; };
		850A300A2B0AEA09003B12B7 /* SessionManager.swift */ = {isa = PBXFileReference; lastKnownFileType = sourcecode.swift; path = SessionManager.swift; sourceTree = "<group>"; };
		850A300E2B0AEDF8003B12B7 /* SessionView.swift */ = {isa = PBXFileReference; lastKnownFileType = sourcecode.swift; path = SessionView.swift; sourceTree = "<group>"; };
		850A30102B0AEE1F003B12B7 /* SignInView.swift */ = {isa = PBXFileReference; lastKnownFileType = sourcecode.swift; path = SignInView.swift; sourceTree = "<group>"; };
		850A30132B0AEF40003B12B7 /* Pretendard-ExtraBold.ttf */ = {isa = PBXFileReference; lastKnownFileType = file; path = "Pretendard-ExtraBold.ttf"; sourceTree = "<group>"; };
		850A30142B0AEF41003B12B7 /* Pretendard-SemiBold.ttf */ = {isa = PBXFileReference; lastKnownFileType = file; path = "Pretendard-SemiBold.ttf"; sourceTree = "<group>"; };
		850A30152B0AEF41003B12B7 /* Pretendard-Regular.ttf */ = {isa = PBXFileReference; lastKnownFileType = file; path = "Pretendard-Regular.ttf"; sourceTree = "<group>"; };
		850A30162B0AEF41003B12B7 /* Pretendard-Thin.ttf */ = {isa = PBXFileReference; lastKnownFileType = file; path = "Pretendard-Thin.ttf"; sourceTree = "<group>"; };
		850A30172B0AEF41003B12B7 /* Pretendard-Bold.ttf */ = {isa = PBXFileReference; lastKnownFileType = file; path = "Pretendard-Bold.ttf"; sourceTree = "<group>"; };
		850A30182B0AEF41003B12B7 /* Pretendard-Medium.ttf */ = {isa = PBXFileReference; lastKnownFileType = file; path = "Pretendard-Medium.ttf"; sourceTree = "<group>"; };
		850A30192B0AEF41003B12B7 /* Pretendard-Light.ttf */ = {isa = PBXFileReference; lastKnownFileType = file; path = "Pretendard-Light.ttf"; sourceTree = "<group>"; };
		850A301A2B0AEF41003B12B7 /* Pretendard-Black.ttf */ = {isa = PBXFileReference; lastKnownFileType = file; path = "Pretendard-Black.ttf"; sourceTree = "<group>"; };
		850A301B2B0AEF41003B12B7 /* Pretendard-ExtraLight.ttf */ = {isa = PBXFileReference; lastKnownFileType = file; path = "Pretendard-ExtraLight.ttf"; sourceTree = "<group>"; };
		850A30252B0AEF6C003B12B7 /* DesignSystem.swift */ = {isa = PBXFileReference; lastKnownFileType = sourcecode.swift; path = DesignSystem.swift; sourceTree = "<group>"; };
		850A30272B0AEFA9003B12B7 /* ScreenHelper.swift */ = {isa = PBXFileReference; lastKnownFileType = sourcecode.swift; path = ScreenHelper.swift; sourceTree = "<group>"; };
		850A302A2B0B0D62003B12B7 /* NavigatorView.swift */ = {isa = PBXFileReference; lastKnownFileType = sourcecode.swift; path = NavigatorView.swift; sourceTree = "<group>"; };
		850A30302B0B1CC7003B12B7 /* NearbyView.swift */ = {isa = PBXFileReference; lastKnownFileType = sourcecode.swift; path = NearbyView.swift; sourceTree = "<group>"; };
		850A30322B0B1CD6003B12B7 /* AmoringView.swift */ = {isa = PBXFileReference; lastKnownFileType = sourcecode.swift; path = AmoringView.swift; sourceTree = "<group>"; };
		850A30342B0B1CE3003B12B7 /* MessagesView.swift */ = {isa = PBXFileReference; lastKnownFileType = sourcecode.swift; path = MessagesView.swift; sourceTree = "<group>"; };
		850A30362B0B1CF0003B12B7 /* AccountView.swift */ = {isa = PBXFileReference; lastKnownFileType = sourcecode.swift; path = AccountView.swift; sourceTree = "<group>"; };
		850A30382B0B236A003B12B7 /* Localizable.xcstrings */ = {isa = PBXFileReference; lastKnownFileType = text.json.xcstrings; path = Localizable.xcstrings; sourceTree = "<group>"; };
		850A303A2B0B2501003B12B7 /* Info.plist */ = {isa = PBXFileReference; lastKnownFileType = text.plist; path = Info.plist; sourceTree = "<group>"; };
		850A303D2B0B2C61003B12B7 /* BusinessOnboardingView.swift */ = {isa = PBXFileReference; lastKnownFileType = sourcecode.swift; path = BusinessOnboardingView.swift; sourceTree = "<group>"; };
		850A303F2B0B2DEF003B12B7 /* BusinessSignInView.swift */ = {isa = PBXFileReference; lastKnownFileType = sourcecode.swift; path = BusinessSignInView.swift; sourceTree = "<group>"; };
		851AF8F32B3D2494005A8DEB /* BusinessDetailsView.swift */ = {isa = PBXFileReference; lastKnownFileType = sourcecode.swift; path = BusinessDetailsView.swift; sourceTree = "<group>"; };
		851AF8F52B3E8D3B005A8DEB /* Launch Screen .storyboard */ = {isa = PBXFileReference; fileEncoding = 4; lastKnownFileType = file.storyboard; path = "Launch Screen .storyboard"; sourceTree = "<group>"; };
		851AF8F72B3E8E46005A8DEB /* LogoLoadingView.swift */ = {isa = PBXFileReference; lastKnownFileType = sourcecode.swift; path = LogoLoadingView.swift; sourceTree = "<group>"; };
		851AF8F92B3E9F3D005A8DEB /* SignInSheet.swift */ = {isa = PBXFileReference; lastKnownFileType = sourcecode.swift; path = SignInSheet.swift; sourceTree = "<group>"; };
		8522A5E82B2A7B39008AF703 /* TrackableScrollView.swift */ = {isa = PBXFileReference; lastKnownFileType = sourcecode.swift; path = TrackableScrollView.swift; sourceTree = "<group>"; };
		8522A5EA2B2AA9EC008AF703 /* ExpandedView.swift */ = {isa = PBXFileReference; lastKnownFileType = sourcecode.swift; path = ExpandedView.swift; sourceTree = "<group>"; };
		8522A5EC2B2AAE4F008AF703 /* TagCloudView.swift */ = {isa = PBXFileReference; lastKnownFileType = sourcecode.swift; path = TagCloudView.swift; sourceTree = "<group>"; };
		8522A5F12B2BDFE7008AF703 /* Dummy.swift */ = {isa = PBXFileReference; lastKnownFileType = sourcecode.swift; path = Dummy.swift; sourceTree = "<group>"; };
		8522A5F32B2BE03D008AF703 /* Interest.swift */ = {isa = PBXFileReference; lastKnownFileType = sourcecode.swift; path = Interest.swift; sourceTree = "<group>"; };
		8522A5F52B2BE831008AF703 /* mbti.swift */ = {isa = PBXFileReference; lastKnownFileType = sourcecode.swift; path = mbti.swift; sourceTree = "<group>"; };
		8522A5F82B2BFA00008AF703 /* PurchaseView.swift */ = {isa = PBXFileReference; lastKnownFileType = sourcecode.swift; path = PurchaseView.swift; sourceTree = "<group>"; };
		8522A5FA2B2C2F6A008AF703 /* PurchaseModel.swift */ = {isa = PBXFileReference; lastKnownFileType = sourcecode.swift; path = PurchaseModel.swift; sourceTree = "<group>"; };
		8522A5FC2B2C4B4C008AF703 /* Data.swift */ = {isa = PBXFileReference; lastKnownFileType = sourcecode.swift; path = Data.swift; sourceTree = "<group>"; };
		8522A5FE2B2C4B6F008AF703 /* PurchaseSimpleWindow.swift */ = {isa = PBXFileReference; lastKnownFileType = sourcecode.swift; path = PurchaseSimpleWindow.swift; sourceTree = "<group>"; };
		8522A6002B2C4B96008AF703 /* PurchaseLoungeWindow.swift */ = {isa = PBXFileReference; lastKnownFileType = sourcecode.swift; path = PurchaseLoungeWindow.swift; sourceTree = "<group>"; };
		8522A6022B2C4BAD008AF703 /* PurchaseLikeWindow.swift */ = {isa = PBXFileReference; lastKnownFileType = sourcecode.swift; path = PurchaseLikeWindow.swift; sourceTree = "<group>"; };
		853AFD4D2B1DB2150020A570 /* NavigationAmoringController.swift */ = {isa = PBXFileReference; lastKnownFileType = sourcecode.swift; path = NavigationAmoringController.swift; sourceTree = "<group>"; };
		853AFD512B1DBD7F0020A570 /* NavigationAuthController.swift */ = {isa = PBXFileReference; lastKnownFileType = sourcecode.swift; path = NavigationAuthController.swift; sourceTree = "<group>"; };
		853AFD532B1DC6BF0020A570 /* CustomTextField.swift */ = {isa = PBXFileReference; lastKnownFileType = sourcecode.swift; path = CustomTextField.swift; sourceTree = "<group>"; };
		854C7B022B180C5D0060CE03 /* CoctailToggle.swift */ = {isa = PBXFileReference; lastKnownFileType = sourcecode.swift; path = CoctailToggle.swift; sourceTree = "<group>"; };
		854C7B042B1815EE0060CE03 /* PurchasedLikesView.swift */ = {isa = PBXFileReference; lastKnownFileType = sourcecode.swift; path = PurchasedLikesView.swift; sourceTree = "<group>"; };
		854C7B062B1818AB0060CE03 /* LikesFromMaxView.swift */ = {isa = PBXFileReference; lastKnownFileType = sourcecode.swift; path = LikesFromMaxView.swift; sourceTree = "<group>"; };
		854C7B082B181B1C0060CE03 /* ProfileCardView.swift */ = {isa = PBXFileReference; lastKnownFileType = sourcecode.swift; path = ProfileCardView.swift; sourceTree = "<group>"; };
		85806C462B22F6920077D12C /* schema.graphqls */ = {isa = PBXFileReference; fileEncoding = 4; lastKnownFileType = text; path = schema.graphqls; sourceTree = "<group>"; };
		85806C482B22F7330077D12C /* RocketsQuery.graphql */ = {isa = PBXFileReference; lastKnownFileType = text; path = RocketsQuery.graphql; sourceTree = "<group>"; };
		85806C4E2B22F8650077D12C /* NetworkService.swift */ = {isa = PBXFileReference; lastKnownFileType = sourcecode.swift; path = NetworkService.swift; sourceTree = "<group>"; };
		85806C522B22FBB90077D12C /* GraphQLManager.swift */ = {isa = PBXFileReference; lastKnownFileType = sourcecode.swift; path = GraphQLManager.swift; sourceTree = "<group>"; };
		858862372B34FA9B009CC600 /* CheckIn.swift */ = {isa = PBXFileReference; lastKnownFileType = sourcecode.swift; path = CheckIn.swift; sourceTree = "<group>"; };
		85B028A02B2FE7B300A738AB /* SessionController.swift */ = {isa = PBXFileReference; lastKnownFileType = sourcecode.swift; path = SessionController.swift; sourceTree = "<group>"; };
		85B028A22B3019B500A738AB /* NavigationsMessagesController.swift */ = {isa = PBXFileReference; lastKnownFileType = sourcecode.swift; path = NavigationsMessagesController.swift; sourceTree = "<group>"; };
		85B028A42B301A2B00A738AB /* PeopleLikesView.swift */ = {isa = PBXFileReference; lastKnownFileType = sourcecode.swift; path = PeopleLikesView.swift; sourceTree = "<group>"; };
		85D0DEDA2B3564530029DA5D /* TestView.swift */ = {isa = PBXFileReference; lastKnownFileType = sourcecode.swift; path = TestView.swift; sourceTree = "<group>"; };
		85D0DEDF2B3A6B130029DA5D /* NavigationController.swift */ = {isa = PBXFileReference; lastKnownFileType = sourcecode.swift; path = NavigationController.swift; sourceTree = "<group>"; };
		85D0DEE12B3BA9000029DA5D /* AdaptsToKeyboard.swift */ = {isa = PBXFileReference; lastKnownFileType = sourcecode.swift; path = AdaptsToKeyboard.swift; sourceTree = "<group>"; };
		85D26F642B1F07C000E3C55F /* SwipibleProfileVIew.swift */ = {isa = PBXFileReference; lastKnownFileType = sourcecode.swift; path = SwipibleProfileVIew.swift; sourceTree = "<group>"; };
		85D26F662B2015FE00E3C55F /* CheckInView.swift */ = {isa = PBXFileReference; lastKnownFileType = sourcecode.swift; path = CheckInView.swift; sourceTree = "<group>"; };
		85D26F692B20198A00E3C55F /* CodeScanner.swift */ = {isa = PBXFileReference; fileEncoding = 4; lastKnownFileType = sourcecode.swift; path = CodeScanner.swift; sourceTree = "<group>"; };
		85D26F6A2B20198A00E3C55F /* QRCodeGenerator.swift */ = {isa = PBXFileReference; fileEncoding = 4; lastKnownFileType = sourcecode.swift; path = QRCodeGenerator.swift; sourceTree = "<group>"; };
		85D26F6B2B20198A00E3C55F /* ScannerViewController.swift */ = {isa = PBXFileReference; fileEncoding = 4; lastKnownFileType = sourcecode.swift; path = ScannerViewController.swift; sourceTree = "<group>"; };
		85D26F6F2B20306500E3C55F /* ProfilesView.swift */ = {isa = PBXFileReference; lastKnownFileType = sourcecode.swift; path = ProfilesView.swift; sourceTree = "<group>"; };
		85D36AEB2B0F25BC00106BC0 /* MenuView.swift */ = {isa = PBXFileReference; lastKnownFileType = sourcecode.swift; path = MenuView.swift; sourceTree = "<group>"; };
		85D36AED2B0F261F00106BC0 /* BusinessEnterView.swift */ = {isa = PBXFileReference; lastKnownFileType = sourcecode.swift; path = BusinessEnterView.swift; sourceTree = "<group>"; };
		85D36AEF2B0F26DB00106BC0 /* SettingsView.swift */ = {isa = PBXFileReference; lastKnownFileType = sourcecode.swift; path = SettingsView.swift; sourceTree = "<group>"; };
		85D36AF12B0F285300106BC0 /* BusnessSettings.swift */ = {isa = PBXFileReference; lastKnownFileType = sourcecode.swift; path = BusnessSettings.swift; sourceTree = "<group>"; };
		85E8E93B2B3109EE0054EBCE /* Message.swift */ = {isa = PBXFileReference; lastKnownFileType = sourcecode.swift; path = Message.swift; sourceTree = "<group>"; };
		85E8E93D2B3119780054EBCE /* Reaction.swift */ = {isa = PBXFileReference; lastKnownFileType = sourcecode.swift; path = Reaction.swift; sourceTree = "<group>"; };
		85E8E93F2B3140580054EBCE /* ListOfConversations.swift */ = {isa = PBXFileReference; lastKnownFileType = sourcecode.swift; path = ListOfConversations.swift; sourceTree = "<group>"; };
		85E8E9412B3140850054EBCE /* ListOfPeopleLikesLink.swift */ = {isa = PBXFileReference; lastKnownFileType = sourcecode.swift; path = ListOfPeopleLikesLink.swift; sourceTree = "<group>"; };
		85E8E9432B3145390054EBCE /* ConversationView.swift */ = {isa = PBXFileReference; lastKnownFileType = sourcecode.swift; path = ConversationView.swift; sourceTree = "<group>"; };
		85FB6B882B43DA3A0023A889 /* schema1.graphqls */ = {isa = PBXFileReference; fileEncoding = 4; lastKnownFileType = text; path = schema1.graphqls; sourceTree = "<group>"; };
		85FB6B8A2B43EC820023A889 /* NextBlackButton.swift */ = {isa = PBXFileReference; lastKnownFileType = sourcecode.swift; path = NextBlackButton.swift; sourceTree = "<group>"; };
		85FB6B8C2B44D3BB0023A889 /* PickerButton.swift */ = {isa = PBXFileReference; lastKnownFileType = sourcecode.swift; path = PickerButton.swift; sourceTree = "<group>"; };
		85FB6B8E2B44ED210023A889 /* UserOnboardingIntro.swift */ = {isa = PBXFileReference; lastKnownFileType = sourcecode.swift; path = UserOnboardingIntro.swift; sourceTree = "<group>"; };
		85FB6B902B450E980023A889 /* UserOnboardingInterests.swift */ = {isa = PBXFileReference; lastKnownFileType = sourcecode.swift; path = UserOnboardingInterests.swift; sourceTree = "<group>"; };
		85FB6B922B4622F20023A889 /* FullSizeButton.swift */ = {isa = PBXFileReference; lastKnownFileType = sourcecode.swift; path = FullSizeButton.swift; sourceTree = "<group>"; };
		85FB6B942B4628EC0023A889 /* CustomSheet.swift */ = {isa = PBXFileReference; lastKnownFileType = sourcecode.swift; path = CustomSheet.swift; sourceTree = "<group>"; };
		85FC20762B0C510100DC1950 /* UserOnboardingAge.swift */ = {isa = PBXFileReference; fileEncoding = 4; lastKnownFileType = sourcecode.swift; path = UserOnboardingAge.swift; sourceTree = "<group>"; };
		85FC20772B0C510100DC1950 /* UserOnboardingName.swift */ = {isa = PBXFileReference; fileEncoding = 4; lastKnownFileType = sourcecode.swift; path = UserOnboardingName.swift; sourceTree = "<group>"; };
		85FC20782B0C510100DC1950 /* UserOnboardingBio.swift */ = {isa = PBXFileReference; fileEncoding = 4; lastKnownFileType = sourcecode.swift; path = UserOnboardingBio.swift; sourceTree = "<group>"; };
		85FC20792B0C510100DC1950 /* UserOnboardingSuccess.swift */ = {isa = PBXFileReference; fileEncoding = 4; lastKnownFileType = sourcecode.swift; path = UserOnboardingSuccess.swift; sourceTree = "<group>"; };
		85FC207B2B0C510100DC1950 /* UserOnboardingGender.swift */ = {isa = PBXFileReference; fileEncoding = 4; lastKnownFileType = sourcecode.swift; path = UserOnboardingGender.swift; sourceTree = "<group>"; };
		85FC207C2B0C510100DC1950 /* UserOnboardingTerms.swift */ = {isa = PBXFileReference; fileEncoding = 4; lastKnownFileType = sourcecode.swift; path = UserOnboardingTerms.swift; sourceTree = "<group>"; };
		85FC207D2B0C510100DC1950 /* UserOnboardingPhoto.swift */ = {isa = PBXFileReference; fileEncoding = 4; lastKnownFileType = sourcecode.swift; path = UserOnboardingPhoto.swift; sourceTree = "<group>"; };
		85FC20872B0C514400DC1950 /* ReordableForEach.swift */ = {isa = PBXFileReference; fileEncoding = 4; lastKnownFileType = sourcecode.swift; path = ReordableForEach.swift; sourceTree = "<group>"; };
		85FC20882B0C514400DC1950 /* AddedImageView.swift */ = {isa = PBXFileReference; fileEncoding = 4; lastKnownFileType = sourcecode.swift; path = AddedImageView.swift; sourceTree = "<group>"; };
		85FC20892B0C514400DC1950 /* ImagePicker.swift */ = {isa = PBXFileReference; fileEncoding = 4; lastKnownFileType = sourcecode.swift; path = ImagePicker.swift; sourceTree = "<group>"; };
		85FC208A2B0C514400DC1950 /* AddImageView.swift */ = {isa = PBXFileReference; fileEncoding = 4; lastKnownFileType = sourcecode.swift; path = AddImageView.swift; sourceTree = "<group>"; };
		85FC208B2B0C514400DC1950 /* DragRelocateDelegate.swift */ = {isa = PBXFileReference; fileEncoding = 4; lastKnownFileType = sourcecode.swift; path = DragRelocateDelegate.swift; sourceTree = "<group>"; };
		85FC208D2B0C514400DC1950 /* PictureGridView.swift */ = {isa = PBXFileReference; fileEncoding = 4; lastKnownFileType = sourcecode.swift; path = PictureGridView.swift; sourceTree = "<group>"; };
		85FC20952B0C96E800DC1950 /* UserOnboardingView.swift */ = {isa = PBXFileReference; lastKnownFileType = sourcecode.swift; path = UserOnboardingView.swift; sourceTree = "<group>"; };
		85FC20972B0D70E300DC1950 /* User.swift */ = {isa = PBXFileReference; lastKnownFileType = sourcecode.swift; path = User.swift; sourceTree = "<group>"; };
		85FC209A2B0D717700DC1950 /* Constants.swift */ = {isa = PBXFileReference; lastKnownFileType = sourcecode.swift; path = Constants.swift; sourceTree = "<group>"; };
		85FC209C2B0D729300DC1950 /* Extensions.swift */ = {isa = PBXFileReference; lastKnownFileType = sourcecode.swift; path = Extensions.swift; sourceTree = "<group>"; };
		85FC209E2B0D75AB00DC1950 /* UserManager.swift */ = {isa = PBXFileReference; lastKnownFileType = sourcecode.swift; path = UserManager.swift; sourceTree = "<group>"; };
		85FC20A12B0D95A500DC1950 /* BusinessSignUp.swift */ = {isa = PBXFileReference; lastKnownFileType = sourcecode.swift; path = BusinessSignUp.swift; sourceTree = "<group>"; };
		85FC20A32B0D964800DC1950 /* OTPView.swift */ = {isa = PBXFileReference; lastKnownFileType = sourcecode.swift; path = OTPView.swift; sourceTree = "<group>"; };
		85FC20A52B0D9DC700DC1950 /* Business.swift */ = {isa = PBXFileReference; lastKnownFileType = sourcecode.swift; path = Business.swift; sourceTree = "<group>"; };
		85FC20A72B0DAAFF00DC1950 /* BusinessSessionView.swift */ = {isa = PBXFileReference; lastKnownFileType = sourcecode.swift; path = BusinessSessionView.swift; sourceTree = "<group>"; };
		85FC20A92B0DB29000DC1950 /* BusinessTermsView.swift */ = {isa = PBXFileReference; lastKnownFileType = sourcecode.swift; path = BusinessTermsView.swift; sourceTree = "<group>"; };
		85FC20AB2B0DB31B00DC1950 /* PlansView.swift */ = {isa = PBXFileReference; lastKnownFileType = sourcecode.swift; path = PlansView.swift; sourceTree = "<group>"; };
		85FC20AD2B0DB38F00DC1950 /* BusinessSuccess.swift */ = {isa = PBXFileReference; lastKnownFileType = sourcecode.swift; path = BusinessSuccess.swift; sourceTree = "<group>"; };
/* End PBXFileReference section */

/* Begin PBXFrameworksBuildPhase section */
		850A2FD62B0AE54B003B12B7 /* Frameworks */ = {
			isa = PBXFrameworksBuildPhase;
			buildActionMask = 2147483647;
			files = (
				853AFD4C2B1DB0890020A570 /* NavigationStackBackport in Frameworks */,
				8522A5F02B2AC912008AF703 /* CachedAsyncImage in Frameworks */,
				85D0DED12B352AE90029DA5D /* GoogleSignInSwift in Frameworks */,
				85806C512B22F90E0077D12C /* Apollo in Frameworks */,
				85D0DED62B3534840029DA5D /* KakaoSDKCommon in Frameworks */,
				85806C4C2B22F7AB0077D12C /* SpaceXAPI in Frameworks */,
				85064AE32B2690DD0074E45A /* SpaceXAPI in Frameworks */,
				85D0DECF2B352AE90029DA5D /* GoogleSignIn in Frameworks */,
				85D0DED82B3534840029DA5D /* KakaoSDKUser in Frameworks */,
				85D0DED42B3534840029DA5D /* KakaoSDKAuth in Frameworks */,
			);
			runOnlyForDeploymentPostprocessing = 0;
		};
		850A2FE72B0AE54D003B12B7 /* Frameworks */ = {
			isa = PBXFrameworksBuildPhase;
			buildActionMask = 2147483647;
			files = (
			);
			runOnlyForDeploymentPostprocessing = 0;
		};
		850A2FF12B0AE54D003B12B7 /* Frameworks */ = {
			isa = PBXFrameworksBuildPhase;
			buildActionMask = 2147483647;
			files = (
			);
			runOnlyForDeploymentPostprocessing = 0;
		};
/* End PBXFrameworksBuildPhase section */

/* Begin PBXGroup section */
		85064AF22B292EDB0074E45A /* CheckIn */ = {
			isa = PBXGroup;
			children = (
				85D26F662B2015FE00E3C55F /* CheckInView.swift */,
			);
			path = CheckIn;
			sourceTree = "<group>";
		};
		85064AF32B292EEA0074E45A /* Cards */ = {
			isa = PBXGroup;
			children = (
				85D26F6F2B20306500E3C55F /* ProfilesView.swift */,
				85D26F612B1EF11300E3C55F /* Profile */,
			);
			path = Cards;
			sourceTree = "<group>";
		};
		850A2FD02B0AE54B003B12B7 = {
			isa = PBXGroup;
			children = (
				85806C452B22F6800077D12C /* GraphQL */,
				850A30382B0B236A003B12B7 /* Localizable.xcstrings */,
				850A2FDB2B0AE54B003B12B7 /* amoring */,
				850A2FED2B0AE54D003B12B7 /* amoringTests */,
				850A2FF72B0AE54D003B12B7 /* amoringUITests */,
				850A2FDA2B0AE54B003B12B7 /* Products */,
				AF0357FE6E3A0130D1AD662B /* Frameworks */,
			);
			sourceTree = "<group>";
		};
		850A2FDA2B0AE54B003B12B7 /* Products */ = {
			isa = PBXGroup;
			children = (
				850A2FD92B0AE54B003B12B7 /* Amoring.app */,
				850A2FEA2B0AE54D003B12B7 /* amoringTests.xctest */,
				850A2FF42B0AE54D003B12B7 /* amoringUITests.xctest */,
			);
			name = Products;
			sourceTree = "<group>";
		};
		850A2FDB2B0AE54B003B12B7 /* amoring */ = {
			isa = PBXGroup;
			children = (
				850A2FDC2B0AE54B003B12B7 /* amoringApp.swift */,
				85806C4D2B22F8510077D12C /* Network */,
				850A30092B0AE9E6003B12B7 /* UI */,
				850A30082B0AE95B003B12B7 /* Shared */,
				85FC20712B0C4E5500DC1950 /* Model */,
				850A30122B0AEF04003B12B7 /* Resources */,
				850A303A2B0B2501003B12B7 /* Info.plist */,
				850A2FE02B0AE54D003B12B7 /* Assets.xcassets */,
				850A2FE22B0AE54D003B12B7 /* amoring.entitlements */,
				850A2FE32B0AE54D003B12B7 /* Preview Content */,
				85D0DEDA2B3564530029DA5D /* TestView.swift */,
				851AF8F52B3E8D3B005A8DEB /* Launch Screen .storyboard */,
			);
			path = amoring;
			sourceTree = "<group>";
		};
		850A2FE32B0AE54D003B12B7 /* Preview Content */ = {
			isa = PBXGroup;
			children = (
				850A2FE42B0AE54D003B12B7 /* Preview Assets.xcassets */,
			);
			path = "Preview Content";
			sourceTree = "<group>";
		};
		850A2FED2B0AE54D003B12B7 /* amoringTests */ = {
			isa = PBXGroup;
			children = (
				850A2FEE2B0AE54D003B12B7 /* amoringTests.swift */,
			);
			path = amoringTests;
			sourceTree = "<group>";
		};
		850A2FF72B0AE54D003B12B7 /* amoringUITests */ = {
			isa = PBXGroup;
			children = (
				850A2FF82B0AE54D003B12B7 /* amoringUITests.swift */,
				850A2FFA2B0AE54D003B12B7 /* amoringUITestsLaunchTests.swift */,
			);
			path = amoringUITests;
			sourceTree = "<group>";
		};
		850A30082B0AE95B003B12B7 /* Shared */ = {
			isa = PBXGroup;
			children = (
				850A300A2B0AEA09003B12B7 /* SessionManager.swift */,
				85FC209E2B0D75AB00DC1950 /* UserManager.swift */,
				85FC209C2B0D729300DC1950 /* Extensions.swift */,
				85064AEE2B292EA80074E45A /* ViewHeightKey.swift */,
				85FC209A2B0D717700DC1950 /* Constants.swift */,
				8522A5F12B2BDFE7008AF703 /* Dummy.swift */,
			);
			path = Shared;
			sourceTree = "<group>";
		};
		850A30092B0AE9E6003B12B7 /* UI */ = {
			isa = PBXGroup;
			children = (
				850A2FDE2B0AE54B003B12B7 /* ContentView.swift */,
				850A300C2B0AEDD6003B12B7 /* Auth */,
				850A300D2B0AEDDF003B12B7 /* Session */,
				85D36AEA2B0F25A000106BC0 /* BusinessSession */,
				850A30292B0AEFBB003B12B7 /* Tools */,
				854C7B012B180C300060CE03 /* Elements */,
			);
			path = UI;
			sourceTree = "<group>";
		};
		850A300C2B0AEDD6003B12B7 /* Auth */ = {
			isa = PBXGroup;
			children = (
				850A30102B0AEE1F003B12B7 /* SignInView.swift */,
				851AF8F92B3E9F3D005A8DEB /* SignInSheet.swift */,
				850A303F2B0B2DEF003B12B7 /* BusinessSignInView.swift */,
				853AFD512B1DBD7F0020A570 /* NavigationAuthController.swift */,
				85FC20752B0C510100DC1950 /* UserOnboarding */,
				85FC20A02B0D951C00DC1950 /* BusinessRegistration */,
			);
			path = Auth;
			sourceTree = "<group>";
		};
		850A300D2B0AEDDF003B12B7 /* Session */ = {
			isa = PBXGroup;
			children = (
				850A300E2B0AEDF8003B12B7 /* SessionView.swift */,
				850A302A2B0B0D62003B12B7 /* NavigatorView.swift */,
				85B028A02B2FE7B300A738AB /* SessionController.swift */,
				85D0DEDF2B3A6B130029DA5D /* NavigationController.swift */,
				850A302C2B0B1BA5003B12B7 /* Nearby */,
				850A302D2B0B1BAE003B12B7 /* Amoring */,
				850A302E2B0B1C9A003B12B7 /* Messages */,
				850A302F2B0B1CB0003B12B7 /* Account */,
			);
			path = Session;
			sourceTree = "<group>";
		};
		850A30122B0AEF04003B12B7 /* Resources */ = {
			isa = PBXGroup;
			children = (
				850A301A2B0AEF41003B12B7 /* Pretendard-Black.ttf */,
				850A30172B0AEF41003B12B7 /* Pretendard-Bold.ttf */,
				850A30132B0AEF40003B12B7 /* Pretendard-ExtraBold.ttf */,
				850A301B2B0AEF41003B12B7 /* Pretendard-ExtraLight.ttf */,
				850A30192B0AEF41003B12B7 /* Pretendard-Light.ttf */,
				850A30182B0AEF41003B12B7 /* Pretendard-Medium.ttf */,
				850A30152B0AEF41003B12B7 /* Pretendard-Regular.ttf */,
				850A30142B0AEF41003B12B7 /* Pretendard-SemiBold.ttf */,
				850A30162B0AEF41003B12B7 /* Pretendard-Thin.ttf */,
			);
			path = Resources;
			sourceTree = "<group>";
		};
		850A30292B0AEFBB003B12B7 /* Tools */ = {
			isa = PBXGroup;
			children = (
				850A30252B0AEF6C003B12B7 /* DesignSystem.swift */,
				850A30272B0AEFA9003B12B7 /* ScreenHelper.swift */,
				85D26F682B20198A00E3C55F /* CodeScanner */,
				85FC20862B0C514400DC1950 /* ImageHelper */,
				85D0DEE12B3BA9000029DA5D /* AdaptsToKeyboard.swift */,
			);
			path = Tools;
			sourceTree = "<group>";
		};
		850A302C2B0B1BA5003B12B7 /* Nearby */ = {
			isa = PBXGroup;
			children = (
				850A30302B0B1CC7003B12B7 /* NearbyView.swift */,
				851AF8F32B3D2494005A8DEB /* BusinessDetailsView.swift */,
			);
			path = Nearby;
			sourceTree = "<group>";
		};
		850A302D2B0B1BAE003B12B7 /* Amoring */ = {
			isa = PBXGroup;
			children = (
				850A30322B0B1CD6003B12B7 /* AmoringView.swift */,
				853AFD4D2B1DB2150020A570 /* NavigationAmoringController.swift */,
				85064AF22B292EDB0074E45A /* CheckIn */,
				85064AF32B292EEA0074E45A /* Cards */,
			);
			path = Amoring;
			sourceTree = "<group>";
		};
		850A302E2B0B1C9A003B12B7 /* Messages */ = {
			isa = PBXGroup;
			children = (
				850A30342B0B1CE3003B12B7 /* MessagesView.swift */,
				85E8E93F2B3140580054EBCE /* ListOfConversations.swift */,
				85E8E9412B3140850054EBCE /* ListOfPeopleLikesLink.swift */,
				85B028A42B301A2B00A738AB /* PeopleLikesView.swift */,
				85E8E9432B3145390054EBCE /* ConversationView.swift */,
				85B028A22B3019B500A738AB /* NavigationsMessagesController.swift */,
			);
			path = Messages;
			sourceTree = "<group>";
		};
		850A302F2B0B1CB0003B12B7 /* Account */ = {
			isa = PBXGroup;
			children = (
				850A30362B0B1CF0003B12B7 /* AccountView.swift */,
			);
			path = Account;
			sourceTree = "<group>";
		};
		8522A5F72B2BF9C5008AF703 /* Purchases */ = {
			isa = PBXGroup;
			children = (
				8522A5F82B2BFA00008AF703 /* PurchaseView.swift */,
				8522A5FA2B2C2F6A008AF703 /* PurchaseModel.swift */,
				8522A5FC2B2C4B4C008AF703 /* Data.swift */,
				8522A5FE2B2C4B6F008AF703 /* PurchaseSimpleWindow.swift */,
				8522A6002B2C4B96008AF703 /* PurchaseLoungeWindow.swift */,
				8522A6022B2C4BAD008AF703 /* PurchaseLikeWindow.swift */,
			);
			path = Purchases;
			sourceTree = "<group>";
		};
		854C7B012B180C300060CE03 /* Elements */ = {
			isa = PBXGroup;
			children = (
				8522A5F72B2BF9C5008AF703 /* Purchases */,
				854C7B022B180C5D0060CE03 /* CoctailToggle.swift */,
				854C7B042B1815EE0060CE03 /* PurchasedLikesView.swift */,
				854C7B062B1818AB0060CE03 /* LikesFromMaxView.swift */,
				853AFD532B1DC6BF0020A570 /* CustomTextField.swift */,
				8522A5E82B2A7B39008AF703 /* TrackableScrollView.swift */,
				8522A5EC2B2AAE4F008AF703 /* TagCloudView.swift */,
				851AF8F72B3E8E46005A8DEB /* LogoLoadingView.swift */,
			);
			path = Elements;
			sourceTree = "<group>";
		};
		85806C452B22F6800077D12C /* GraphQL */ = {
			isa = PBXGroup;
			children = (
				85FB6B882B43DA3A0023A889 /* schema1.graphqls */,
				85806C462B22F6920077D12C /* schema.graphqls */,
				85806C482B22F7330077D12C /* RocketsQuery.graphql */,
				85064ADF2B26880A0074E45A /* LaunchesQuery.graphql */,
				85064AE42B269D2A0074E45A /* launchFragment.graphql */,
			);
			path = GraphQL;
			sourceTree = "<group>";
		};
		85806C4D2B22F8510077D12C /* Network */ = {
			isa = PBXGroup;
			children = (
				85806C4E2B22F8650077D12C /* NetworkService.swift */,
				85806C522B22FBB90077D12C /* GraphQLManager.swift */,
			);
			path = Network;
			sourceTree = "<group>";
		};
		85D26F612B1EF11300E3C55F /* Profile */ = {
			isa = PBXGroup;
			children = (
				85D26F642B1F07C000E3C55F /* SwipibleProfileVIew.swift */,
				854C7B082B181B1C0060CE03 /* ProfileCardView.swift */,
				85064AF02B292ECF0074E45A /* LikeDislikeButtons.swift */,
				8522A5EA2B2AA9EC008AF703 /* ExpandedView.swift */,
			);
			path = Profile;
			sourceTree = "<group>";
		};
		85D26F682B20198A00E3C55F /* CodeScanner */ = {
			isa = PBXGroup;
			children = (
				85D26F692B20198A00E3C55F /* CodeScanner.swift */,
				85D26F6A2B20198A00E3C55F /* QRCodeGenerator.swift */,
				85D26F6B2B20198A00E3C55F /* ScannerViewController.swift */,
			);
			path = CodeScanner;
			sourceTree = "<group>";
		};
		85D36AEA2B0F25A000106BC0 /* BusinessSession */ = {
			isa = PBXGroup;
			children = (
				85FC20A72B0DAAFF00DC1950 /* BusinessSessionView.swift */,
				85D36AEB2B0F25BC00106BC0 /* MenuView.swift */,
				85D36AED2B0F261F00106BC0 /* BusinessEnterView.swift */,
				85D36AEF2B0F26DB00106BC0 /* SettingsView.swift */,
				85D36AF12B0F285300106BC0 /* BusnessSettings.swift */,
			);
			path = BusinessSession;
			sourceTree = "<group>";
		};
		85FC20712B0C4E5500DC1950 /* Model */ = {
			isa = PBXGroup;
			children = (
				85FC20972B0D70E300DC1950 /* User.swift */,
				85FC20A52B0D9DC700DC1950 /* Business.swift */,
				8522A5F32B2BE03D008AF703 /* Interest.swift */,
				8522A5F52B2BE831008AF703 /* mbti.swift */,
				85E8E93B2B3109EE0054EBCE /* Message.swift */,
				85E8E93D2B3119780054EBCE /* Reaction.swift */,
				858862372B34FA9B009CC600 /* CheckIn.swift */,
			);
			path = Model;
			sourceTree = "<group>";
		};
		85FC20752B0C510100DC1950 /* UserOnboarding */ = {
			isa = PBXGroup;
			children = (
				85FC20952B0C96E800DC1950 /* UserOnboardingView.swift */,
				85FC20772B0C510100DC1950 /* UserOnboardingName.swift */,
				85FC207B2B0C510100DC1950 /* UserOnboardingGender.swift */,
				85FC20762B0C510100DC1950 /* UserOnboardingAge.swift */,
				85FC207D2B0C510100DC1950 /* UserOnboardingPhoto.swift */,
				85FB6B8E2B44ED210023A889 /* UserOnboardingIntro.swift */,
				85FB6B902B450E980023A889 /* UserOnboardingInterests.swift */,
				85FC20782B0C510100DC1950 /* UserOnboardingBio.swift */,
				85FC207C2B0C510100DC1950 /* UserOnboardingTerms.swift */,
				85FC20792B0C510100DC1950 /* UserOnboardingSuccess.swift */,
				85FB6B8A2B43EC820023A889 /* NextBlackButton.swift */,
				85FB6B8C2B44D3BB0023A889 /* PickerButton.swift */,
				85FB6B922B4622F20023A889 /* FullSizeButton.swift */,
				85FB6B942B4628EC0023A889 /* CustomSheet.swift */,
			);
			path = UserOnboarding;
			sourceTree = "<group>";
		};
		85FC20862B0C514400DC1950 /* ImageHelper */ = {
			isa = PBXGroup;
			children = (
				85FC208D2B0C514400DC1950 /* PictureGridView.swift */,
				85FC20882B0C514400DC1950 /* AddedImageView.swift */,
				85FC208A2B0C514400DC1950 /* AddImageView.swift */,
				85FC20872B0C514400DC1950 /* ReordableForEach.swift */,
				85FC208B2B0C514400DC1950 /* DragRelocateDelegate.swift */,
				85FC20892B0C514400DC1950 /* ImagePicker.swift */,
			);
			path = ImageHelper;
			sourceTree = "<group>";
		};
		85FC20A02B0D951C00DC1950 /* BusinessRegistration */ = {
			isa = PBXGroup;
			children = (
				85FC20A12B0D95A500DC1950 /* BusinessSignUp.swift */,
				85FC20A32B0D964800DC1950 /* OTPView.swift */,
				850A303D2B0B2C61003B12B7 /* BusinessOnboardingView.swift */,
				85FC20A92B0DB29000DC1950 /* BusinessTermsView.swift */,
				85FC20AB2B0DB31B00DC1950 /* PlansView.swift */,
				85FC20AD2B0DB38F00DC1950 /* BusinessSuccess.swift */,
			);
			path = BusinessRegistration;
			sourceTree = "<group>";
		};
		AF0357FE6E3A0130D1AD662B /* Frameworks */ = {
			isa = PBXGroup;
			children = (
			);
			name = Frameworks;
			sourceTree = "<group>";
		};
/* End PBXGroup section */

/* Begin PBXNativeTarget section */
		850A2FD82B0AE54B003B12B7 /* amoring */ = {
			isa = PBXNativeTarget;
			buildConfigurationList = 850A2FFE2B0AE54D003B12B7 /* Build configuration list for PBXNativeTarget "amoring" */;
			buildPhases = (
				850A2FD52B0AE54B003B12B7 /* Sources */,
				850A2FD62B0AE54B003B12B7 /* Frameworks */,
				850A2FD72B0AE54B003B12B7 /* Resources */,
			);
			buildRules = (
			);
			dependencies = (
			);
			name = amoring;
			packageProductDependencies = (
				853AFD4B2B1DB0890020A570 /* NavigationStackBackport */,
				85806C4B2B22F7AB0077D12C /* SpaceXAPI */,
				85806C502B22F90E0077D12C /* Apollo */,
				85064AE22B2690DD0074E45A /* SpaceXAPI */,
				8522A5EF2B2AC912008AF703 /* CachedAsyncImage */,
				85D0DECE2B352AE90029DA5D /* GoogleSignIn */,
				85D0DED02B352AE90029DA5D /* GoogleSignInSwift */,
				85D0DED32B3534840029DA5D /* KakaoSDKAuth */,
				85D0DED52B3534840029DA5D /* KakaoSDKCommon */,
				85D0DED72B3534840029DA5D /* KakaoSDKUser */,
			);
			productName = amoring;
			productReference = 850A2FD92B0AE54B003B12B7 /* Amoring.app */;
			productType = "com.apple.product-type.application";
		};
		850A2FE92B0AE54D003B12B7 /* amoringTests */ = {
			isa = PBXNativeTarget;
			buildConfigurationList = 850A30012B0AE54D003B12B7 /* Build configuration list for PBXNativeTarget "amoringTests" */;
			buildPhases = (
				ACE3A6830FA86D121B3FFF0F /* [CP] Check Pods Manifest.lock */,
				850A2FE62B0AE54D003B12B7 /* Sources */,
				850A2FE72B0AE54D003B12B7 /* Frameworks */,
				850A2FE82B0AE54D003B12B7 /* Resources */,
			);
			buildRules = (
			);
			dependencies = (
				850A2FEC2B0AE54D003B12B7 /* PBXTargetDependency */,
			);
			name = amoringTests;
			productName = amoringTests;
			productReference = 850A2FEA2B0AE54D003B12B7 /* amoringTests.xctest */;
			productType = "com.apple.product-type.bundle.unit-test";
		};
		850A2FF32B0AE54D003B12B7 /* amoringUITests */ = {
			isa = PBXNativeTarget;
			buildConfigurationList = 850A30042B0AE54D003B12B7 /* Build configuration list for PBXNativeTarget "amoringUITests" */;
			buildPhases = (
				41346CD6E9324A3A03892E3D /* [CP] Check Pods Manifest.lock */,
				850A2FF02B0AE54D003B12B7 /* Sources */,
				850A2FF12B0AE54D003B12B7 /* Frameworks */,
				850A2FF22B0AE54D003B12B7 /* Resources */,
				E43CC32CD22D3389B714B2C9 /* [CP] Embed Pods Frameworks */,
			);
			buildRules = (
			);
			dependencies = (
				850A2FF62B0AE54D003B12B7 /* PBXTargetDependency */,
			);
			name = amoringUITests;
			productName = amoringUITests;
			productReference = 850A2FF42B0AE54D003B12B7 /* amoringUITests.xctest */;
			productType = "com.apple.product-type.bundle.ui-testing";
		};
/* End PBXNativeTarget section */

/* Begin PBXProject section */
		850A2FD12B0AE54B003B12B7 /* Project object */ = {
			isa = PBXProject;
			attributes = {
				BuildIndependentTargetsInParallel = 1;
				LastSwiftUpdateCheck = 1500;
				LastUpgradeCheck = 1500;
				TargetAttributes = {
					850A2FD82B0AE54B003B12B7 = {
						CreatedOnToolsVersion = 15.0;
					};
					850A2FE92B0AE54D003B12B7 = {
						CreatedOnToolsVersion = 15.0;
						TestTargetID = 850A2FD82B0AE54B003B12B7;
					};
					850A2FF32B0AE54D003B12B7 = {
						CreatedOnToolsVersion = 15.0;
						TestTargetID = 850A2FD82B0AE54B003B12B7;
					};
				};
			};
			buildConfigurationList = 850A2FD42B0AE54B003B12B7 /* Build configuration list for PBXProject "amoring" */;
			compatibilityVersion = "Xcode 14.0";
			developmentRegion = en;
			hasScannedForEncodings = 0;
			knownRegions = (
				en,
				Base,
				ko,
			);
			mainGroup = 850A2FD02B0AE54B003B12B7;
			packageReferences = (
				85FC20AF2B0EC38000DC1950 /* XCRemoteSwiftPackageReference "apollo-ios" */,
				853AFD4A2B1DB0890020A570 /* XCRemoteSwiftPackageReference "navigation-stack-backport" */,
				85064AE12B2690DD0074E45A /* XCLocalSwiftPackageReference "SpaceXAPI" */,
				8522A5EE2B2AC912008AF703 /* XCRemoteSwiftPackageReference "swiftui-cached-async-image" */,
				85D0DECD2B352AE90029DA5D /* XCRemoteSwiftPackageReference "GoogleSignIn-iOS" */,
				85D0DED22B3534840029DA5D /* XCRemoteSwiftPackageReference "kakao-ios-sdk" */,
				85D0DEDE2B3A5B760029DA5D /* XCRemoteSwiftPackageReference "naveridlogin-sdk-ios" */,
			);
			productRefGroup = 850A2FDA2B0AE54B003B12B7 /* Products */;
			projectDirPath = "";
			projectRoot = "";
			targets = (
				850A2FD82B0AE54B003B12B7 /* amoring */,
				850A2FE92B0AE54D003B12B7 /* amoringTests */,
				850A2FF32B0AE54D003B12B7 /* amoringUITests */,
			);
		};
/* End PBXProject section */

/* Begin PBXResourcesBuildPhase section */
		850A2FD72B0AE54B003B12B7 /* Resources */ = {
			isa = PBXResourcesBuildPhase;
			buildActionMask = 2147483647;
			files = (
				85064AE02B26880A0074E45A /* LaunchesQuery.graphql in Resources */,
				85FB6B892B43DA3A0023A889 /* schema1.graphqls in Resources */,
				850A30212B0AEF41003B12B7 /* Pretendard-Medium.ttf in Resources */,
				85064AE52B269D2A0074E45A /* launchFragment.graphql in Resources */,
				850A301F2B0AEF41003B12B7 /* Pretendard-Thin.ttf in Resources */,
				850A30392B0B236A003B12B7 /* Localizable.xcstrings in Resources */,
				850A301D2B0AEF41003B12B7 /* Pretendard-SemiBold.ttf in Resources */,
				850A30222B0AEF41003B12B7 /* Pretendard-Light.ttf in Resources */,
				850A301C2B0AEF41003B12B7 /* Pretendard-ExtraBold.ttf in Resources */,
				85806C472B22F6920077D12C /* schema.graphqls in Resources */,
				850A301E2B0AEF41003B12B7 /* Pretendard-Regular.ttf in Resources */,
				850A2FE52B0AE54D003B12B7 /* Preview Assets.xcassets in Resources */,
				851AF8F62B3E8D3B005A8DEB /* Launch Screen .storyboard in Resources */,
				850A2FE12B0AE54D003B12B7 /* Assets.xcassets in Resources */,
				850A30202B0AEF41003B12B7 /* Pretendard-Bold.ttf in Resources */,
				850A30232B0AEF41003B12B7 /* Pretendard-Black.ttf in Resources */,
				85806C492B22F7330077D12C /* RocketsQuery.graphql in Resources */,
				850A30242B0AEF41003B12B7 /* Pretendard-ExtraLight.ttf in Resources */,
			);
			runOnlyForDeploymentPostprocessing = 0;
		};
		850A2FE82B0AE54D003B12B7 /* Resources */ = {
			isa = PBXResourcesBuildPhase;
			buildActionMask = 2147483647;
			files = (
			);
			runOnlyForDeploymentPostprocessing = 0;
		};
		850A2FF22B0AE54D003B12B7 /* Resources */ = {
			isa = PBXResourcesBuildPhase;
			buildActionMask = 2147483647;
			files = (
			);
			runOnlyForDeploymentPostprocessing = 0;
		};
/* End PBXResourcesBuildPhase section */

/* Begin PBXShellScriptBuildPhase section */
		41346CD6E9324A3A03892E3D /* [CP] Check Pods Manifest.lock */ = {
			isa = PBXShellScriptBuildPhase;
			buildActionMask = 2147483647;
			files = (
			);
			inputFileListPaths = (
			);
			inputPaths = (
				"${PODS_PODFILE_DIR_PATH}/Podfile.lock",
				"${PODS_ROOT}/Manifest.lock",
			);
			name = "[CP] Check Pods Manifest.lock";
			outputFileListPaths = (
			);
			outputPaths = (
				"$(DERIVED_FILE_DIR)/Pods-amoring-amoringUITests-checkManifestLockResult.txt",
			);
			runOnlyForDeploymentPostprocessing = 0;
			shellPath = /bin/sh;
			shellScript = "diff \"${PODS_PODFILE_DIR_PATH}/Podfile.lock\" \"${PODS_ROOT}/Manifest.lock\" > /dev/null\nif [ $? != 0 ] ; then\n    # print error to STDERR\n    echo \"error: The sandbox is not in sync with the Podfile.lock. Run 'pod install' or update your CocoaPods installation.\" >&2\n    exit 1\nfi\n# This output is used by Xcode 'outputs' to avoid re-running this script phase.\necho \"SUCCESS\" > \"${SCRIPT_OUTPUT_FILE_0}\"\n";
			showEnvVarsInLog = 0;
		};
		ACE3A6830FA86D121B3FFF0F /* [CP] Check Pods Manifest.lock */ = {
			isa = PBXShellScriptBuildPhase;
			buildActionMask = 2147483647;
			files = (
			);
			inputFileListPaths = (
			);
			inputPaths = (
				"${PODS_PODFILE_DIR_PATH}/Podfile.lock",
				"${PODS_ROOT}/Manifest.lock",
			);
			name = "[CP] Check Pods Manifest.lock";
			outputFileListPaths = (
			);
			outputPaths = (
				"$(DERIVED_FILE_DIR)/Pods-amoringTests-checkManifestLockResult.txt",
			);
			runOnlyForDeploymentPostprocessing = 0;
			shellPath = /bin/sh;
			shellScript = "diff \"${PODS_PODFILE_DIR_PATH}/Podfile.lock\" \"${PODS_ROOT}/Manifest.lock\" > /dev/null\nif [ $? != 0 ] ; then\n    # print error to STDERR\n    echo \"error: The sandbox is not in sync with the Podfile.lock. Run 'pod install' or update your CocoaPods installation.\" >&2\n    exit 1\nfi\n# This output is used by Xcode 'outputs' to avoid re-running this script phase.\necho \"SUCCESS\" > \"${SCRIPT_OUTPUT_FILE_0}\"\n";
			showEnvVarsInLog = 0;
		};
		E43CC32CD22D3389B714B2C9 /* [CP] Embed Pods Frameworks */ = {
			isa = PBXShellScriptBuildPhase;
			buildActionMask = 2147483647;
			files = (
			);
			inputFileListPaths = (
				"${PODS_ROOT}/Target Support Files/Pods-amoring-amoringUITests/Pods-amoring-amoringUITests-frameworks-${CONFIGURATION}-input-files.xcfilelist",
			);
			name = "[CP] Embed Pods Frameworks";
			outputFileListPaths = (
				"${PODS_ROOT}/Target Support Files/Pods-amoring-amoringUITests/Pods-amoring-amoringUITests-frameworks-${CONFIGURATION}-output-files.xcfilelist",
			);
			runOnlyForDeploymentPostprocessing = 0;
			shellPath = /bin/sh;
			shellScript = "\"${PODS_ROOT}/Target Support Files/Pods-amoring-amoringUITests/Pods-amoring-amoringUITests-frameworks.sh\"\n";
			showEnvVarsInLog = 0;
		};
/* End PBXShellScriptBuildPhase section */

/* Begin PBXSourcesBuildPhase section */
		850A2FD52B0AE54B003B12B7 /* Sources */ = {
			isa = PBXSourcesBuildPhase;
			buildActionMask = 2147483647;
			files = (
				854C7B052B1815EE0060CE03 /* PurchasedLikesView.swift in Sources */,
				853AFD522B1DBD7F0020A570 /* NavigationAuthController.swift in Sources */,
				85D36AF22B0F285300106BC0 /* BusnessSettings.swift in Sources */,
				85D26F652B1F07C000E3C55F /* SwipibleProfileVIew.swift in Sources */,
				85FC20AE2B0DB38F00DC1950 /* BusinessSuccess.swift in Sources */,
				85D26F6D2B20198B00E3C55F /* QRCodeGenerator.swift in Sources */,
				85FC20962B0C96E800DC1950 /* UserOnboardingView.swift in Sources */,
				8522A6012B2C4B96008AF703 /* PurchaseLoungeWindow.swift in Sources */,
				85FB6B8B2B43EC820023A889 /* NextBlackButton.swift in Sources */,
				85E8E93E2B3119780054EBCE /* Reaction.swift in Sources */,
				85D26F6E2B20198B00E3C55F /* ScannerViewController.swift in Sources */,
				850A30372B0B1CF0003B12B7 /* AccountView.swift in Sources */,
				85FC208E2B0C514400DC1950 /* ReordableForEach.swift in Sources */,
				854C7B072B1818AB0060CE03 /* LikesFromMaxView.swift in Sources */,
				853AFD542B1DC6BF0020A570 /* CustomTextField.swift in Sources */,
				853AFD4E2B1DB2150020A570 /* NavigationAmoringController.swift in Sources */,
				8522A5FD2B2C4B4C008AF703 /* Data.swift in Sources */,
				85FB6B932B4622F20023A889 /* FullSizeButton.swift in Sources */,
				85FC20832B0C510100DC1950 /* UserOnboardingGender.swift in Sources */,
				85D0DEDB2B3564530029DA5D /* TestView.swift in Sources */,
				85B028A12B2FE7B300A738AB /* SessionController.swift in Sources */,
				8522A5EB2B2AA9EC008AF703 /* ExpandedView.swift in Sources */,
				850A30262B0AEF6C003B12B7 /* DesignSystem.swift in Sources */,
				85FB6B8D2B44D3BB0023A889 /* PickerButton.swift in Sources */,
				85FC209B2B0D717700DC1950 /* Constants.swift in Sources */,
				85FC209F2B0D75AB00DC1950 /* UserManager.swift in Sources */,
				850A2FDF2B0AE54B003B12B7 /* ContentView.swift in Sources */,
				8522A5F42B2BE03D008AF703 /* Interest.swift in Sources */,
				85064AF12B292ECF0074E45A /* LikeDislikeButtons.swift in Sources */,
				85FB6B952B4628EC0023A889 /* CustomSheet.swift in Sources */,
				8522A5F62B2BE831008AF703 /* mbti.swift in Sources */,
				85FC20A62B0D9DC700DC1950 /* Business.swift in Sources */,
				850A30332B0B1CD6003B12B7 /* AmoringView.swift in Sources */,
				850A2FDD2B0AE54B003B12B7 /* amoringApp.swift in Sources */,
				85FC20A82B0DAAFF00DC1950 /* BusinessSessionView.swift in Sources */,
				85FC20982B0D70E300DC1950 /* User.swift in Sources */,
				85FC207E2B0C510100DC1950 /* UserOnboardingAge.swift in Sources */,
				850A30282B0AEFA9003B12B7 /* ScreenHelper.swift in Sources */,
				85E8E9422B3140850054EBCE /* ListOfPeopleLikesLink.swift in Sources */,
				8522A5ED2B2AAE4F008AF703 /* TagCloudView.swift in Sources */,
				8522A5FB2B2C2F6A008AF703 /* PurchaseModel.swift in Sources */,
				85FC20942B0C514400DC1950 /* PictureGridView.swift in Sources */,
				85FB6B8F2B44ED210023A889 /* UserOnboardingIntro.swift in Sources */,
				85806C4F2B22F8650077D12C /* NetworkService.swift in Sources */,
				850A302B2B0B0D62003B12B7 /* NavigatorView.swift in Sources */,
				85E8E9442B3145390054EBCE /* ConversationView.swift in Sources */,
				8522A5E92B2A7B39008AF703 /* TrackableScrollView.swift in Sources */,
				85D26F672B2015FE00E3C55F /* CheckInView.swift in Sources */,
				85D0DEE22B3BA9000029DA5D /* AdaptsToKeyboard.swift in Sources */,
				854C7B032B180C5D0060CE03 /* CoctailToggle.swift in Sources */,
				85FC20AC2B0DB31B00DC1950 /* PlansView.swift in Sources */,
				85FC20842B0C510100DC1950 /* UserOnboardingTerms.swift in Sources */,
				85FC20912B0C514400DC1950 /* AddImageView.swift in Sources */,
				85D36AF02B0F26DB00106BC0 /* SettingsView.swift in Sources */,
				8522A5F92B2BFA00008AF703 /* PurchaseView.swift in Sources */,
				85FB6B912B450E980023A889 /* UserOnboardingInterests.swift in Sources */,
				85E8E93C2B3109EE0054EBCE /* Message.swift in Sources */,
				850A30402B0B2DEF003B12B7 /* BusinessSignInView.swift in Sources */,
				851AF8FA2B3E9F3D005A8DEB /* SignInSheet.swift in Sources */,
				85FC20A42B0D964800DC1950 /* OTPView.swift in Sources */,
				85FC20902B0C514400DC1950 /* ImagePicker.swift in Sources */,
				85FC207F2B0C510100DC1950 /* UserOnboardingName.swift in Sources */,
				85D36AEC2B0F25BC00106BC0 /* MenuView.swift in Sources */,
				85D36AEE2B0F261F00106BC0 /* BusinessEnterView.swift in Sources */,
				85FC209D2B0D729300DC1950 /* Extensions.swift in Sources */,
				85D26F6C2B20198B00E3C55F /* CodeScanner.swift in Sources */,
				851AF8F82B3E8E46005A8DEB /* LogoLoadingView.swift in Sources */,
				850A300B2B0AEA09003B12B7 /* SessionManager.swift in Sources */,
				8522A5FF2B2C4B6F008AF703 /* PurchaseSimpleWindow.swift in Sources */,
				85D0DEE02B3A6B130029DA5D /* NavigationController.swift in Sources */,
				85FC20922B0C514400DC1950 /* DragRelocateDelegate.swift in Sources */,
				850A30352B0B1CE3003B12B7 /* MessagesView.swift in Sources */,
				850A303E2B0B2C61003B12B7 /* BusinessOnboardingView.swift in Sources */,
				8522A5F22B2BDFE7008AF703 /* Dummy.swift in Sources */,
				851AF8F42B3D2495005A8DEB /* BusinessDetailsView.swift in Sources */,
				85B028A32B3019B500A738AB /* NavigationsMessagesController.swift in Sources */,
				85FC20802B0C510100DC1950 /* UserOnboardingBio.swift in Sources */,
				8522A6032B2C4BAD008AF703 /* PurchaseLikeWindow.swift in Sources */,
				850A300F2B0AEDF8003B12B7 /* SessionView.swift in Sources */,
				858862382B34FA9B009CC600 /* CheckIn.swift in Sources */,
				85FC20AA2B0DB29000DC1950 /* BusinessTermsView.swift in Sources */,
				850A30312B0B1CC7003B12B7 /* NearbyView.swift in Sources */,
				85064AEF2B292EA80074E45A /* ViewHeightKey.swift in Sources */,
				85B028A52B301A2B00A738AB /* PeopleLikesView.swift in Sources */,
				85806C532B22FBB90077D12C /* GraphQLManager.swift in Sources */,
				850A30112B0AEE1F003B12B7 /* SignInView.swift in Sources */,
				85FC20812B0C510100DC1950 /* UserOnboardingSuccess.swift in Sources */,
				85D26F702B20306500E3C55F /* ProfilesView.swift in Sources */,
				85E8E9402B3140580054EBCE /* ListOfConversations.swift in Sources */,
				85FC208F2B0C514400DC1950 /* AddedImageView.swift in Sources */,
				85FC20852B0C510100DC1950 /* UserOnboardingPhoto.swift in Sources */,
				854C7B092B181B1C0060CE03 /* ProfileCardView.swift in Sources */,
				85FC20A22B0D95A500DC1950 /* BusinessSignUp.swift in Sources */,
			);
			runOnlyForDeploymentPostprocessing = 0;
		};
		850A2FE62B0AE54D003B12B7 /* Sources */ = {
			isa = PBXSourcesBuildPhase;
			buildActionMask = 2147483647;
			files = (
				850A2FEF2B0AE54D003B12B7 /* amoringTests.swift in Sources */,
			);
			runOnlyForDeploymentPostprocessing = 0;
		};
		850A2FF02B0AE54D003B12B7 /* Sources */ = {
			isa = PBXSourcesBuildPhase;
			buildActionMask = 2147483647;
			files = (
				850A2FFB2B0AE54D003B12B7 /* amoringUITestsLaunchTests.swift in Sources */,
				850A2FF92B0AE54D003B12B7 /* amoringUITests.swift in Sources */,
			);
			runOnlyForDeploymentPostprocessing = 0;
		};
/* End PBXSourcesBuildPhase section */

/* Begin PBXTargetDependency section */
		850A2FEC2B0AE54D003B12B7 /* PBXTargetDependency */ = {
			isa = PBXTargetDependency;
			target = 850A2FD82B0AE54B003B12B7 /* amoring */;
			targetProxy = 850A2FEB2B0AE54D003B12B7 /* PBXContainerItemProxy */;
		};
		850A2FF62B0AE54D003B12B7 /* PBXTargetDependency */ = {
			isa = PBXTargetDependency;
			target = 850A2FD82B0AE54B003B12B7 /* amoring */;
			targetProxy = 850A2FF52B0AE54D003B12B7 /* PBXContainerItemProxy */;
		};
/* End PBXTargetDependency section */

/* Begin XCBuildConfiguration section */
		850A2FFC2B0AE54D003B12B7 /* Debug */ = {
			isa = XCBuildConfiguration;
			buildSettings = {
				ALWAYS_SEARCH_USER_PATHS = NO;
				ASSETCATALOG_COMPILER_GENERATE_SWIFT_ASSET_SYMBOL_EXTENSIONS = YES;
				CLANG_ANALYZER_NONNULL = YES;
				CLANG_ANALYZER_NUMBER_OBJECT_CONVERSION = YES_AGGRESSIVE;
				CLANG_CXX_LANGUAGE_STANDARD = "gnu++20";
				CLANG_ENABLE_MODULES = YES;
				CLANG_ENABLE_OBJC_ARC = YES;
				CLANG_ENABLE_OBJC_WEAK = YES;
				CLANG_WARN_BLOCK_CAPTURE_AUTORELEASING = YES;
				CLANG_WARN_BOOL_CONVERSION = YES;
				CLANG_WARN_COMMA = YES;
				CLANG_WARN_CONSTANT_CONVERSION = YES;
				CLANG_WARN_DEPRECATED_OBJC_IMPLEMENTATIONS = YES;
				CLANG_WARN_DIRECT_OBJC_ISA_USAGE = YES_ERROR;
				CLANG_WARN_DOCUMENTATION_COMMENTS = YES;
				CLANG_WARN_EMPTY_BODY = YES;
				CLANG_WARN_ENUM_CONVERSION = YES;
				CLANG_WARN_INFINITE_RECURSION = YES;
				CLANG_WARN_INT_CONVERSION = YES;
				CLANG_WARN_NON_LITERAL_NULL_CONVERSION = YES;
				CLANG_WARN_OBJC_IMPLICIT_RETAIN_SELF = YES;
				CLANG_WARN_OBJC_LITERAL_CONVERSION = YES;
				CLANG_WARN_OBJC_ROOT_CLASS = YES_ERROR;
				CLANG_WARN_QUOTED_INCLUDE_IN_FRAMEWORK_HEADER = YES;
				CLANG_WARN_RANGE_LOOP_ANALYSIS = YES;
				CLANG_WARN_STRICT_PROTOTYPES = YES;
				CLANG_WARN_SUSPICIOUS_MOVE = YES;
				CLANG_WARN_UNGUARDED_AVAILABILITY = YES_AGGRESSIVE;
				CLANG_WARN_UNREACHABLE_CODE = YES;
				CLANG_WARN__DUPLICATE_METHOD_MATCH = YES;
				COPY_PHASE_STRIP = NO;
				DEBUG_INFORMATION_FORMAT = dwarf;
				ENABLE_STRICT_OBJC_MSGSEND = YES;
				ENABLE_TESTABILITY = YES;
				ENABLE_USER_SCRIPT_SANDBOXING = YES;
				GCC_C_LANGUAGE_STANDARD = gnu17;
				GCC_DYNAMIC_NO_PIC = NO;
				GCC_NO_COMMON_BLOCKS = YES;
				GCC_OPTIMIZATION_LEVEL = 0;
				GCC_PREPROCESSOR_DEFINITIONS = (
					"DEBUG=1",
					"$(inherited)",
				);
				GCC_WARN_64_TO_32_BIT_CONVERSION = YES;
				GCC_WARN_ABOUT_RETURN_TYPE = YES_ERROR;
				GCC_WARN_UNDECLARED_SELECTOR = YES;
				GCC_WARN_UNINITIALIZED_AUTOS = YES_AGGRESSIVE;
				GCC_WARN_UNUSED_FUNCTION = YES;
				GCC_WARN_UNUSED_VARIABLE = YES;
				IPHONEOS_DEPLOYMENT_TARGET = 15.0;
				LOCALIZATION_PREFERS_STRING_CATALOGS = YES;
				MTL_ENABLE_DEBUG_INFO = INCLUDE_SOURCE;
				MTL_FAST_MATH = YES;
				ONLY_ACTIVE_ARCH = YES;
				SWIFT_ACTIVE_COMPILATION_CONDITIONS = "DEBUG $(inherited)";
				SWIFT_OPTIMIZATION_LEVEL = "-Onone";
			};
			name = Debug;
		};
		850A2FFD2B0AE54D003B12B7 /* Release */ = {
			isa = XCBuildConfiguration;
			buildSettings = {
				ALWAYS_SEARCH_USER_PATHS = NO;
				ASSETCATALOG_COMPILER_GENERATE_SWIFT_ASSET_SYMBOL_EXTENSIONS = YES;
				CLANG_ANALYZER_NONNULL = YES;
				CLANG_ANALYZER_NUMBER_OBJECT_CONVERSION = YES_AGGRESSIVE;
				CLANG_CXX_LANGUAGE_STANDARD = "gnu++20";
				CLANG_ENABLE_MODULES = YES;
				CLANG_ENABLE_OBJC_ARC = YES;
				CLANG_ENABLE_OBJC_WEAK = YES;
				CLANG_WARN_BLOCK_CAPTURE_AUTORELEASING = YES;
				CLANG_WARN_BOOL_CONVERSION = YES;
				CLANG_WARN_COMMA = YES;
				CLANG_WARN_CONSTANT_CONVERSION = YES;
				CLANG_WARN_DEPRECATED_OBJC_IMPLEMENTATIONS = YES;
				CLANG_WARN_DIRECT_OBJC_ISA_USAGE = YES_ERROR;
				CLANG_WARN_DOCUMENTATION_COMMENTS = YES;
				CLANG_WARN_EMPTY_BODY = YES;
				CLANG_WARN_ENUM_CONVERSION = YES;
				CLANG_WARN_INFINITE_RECURSION = YES;
				CLANG_WARN_INT_CONVERSION = YES;
				CLANG_WARN_NON_LITERAL_NULL_CONVERSION = YES;
				CLANG_WARN_OBJC_IMPLICIT_RETAIN_SELF = YES;
				CLANG_WARN_OBJC_LITERAL_CONVERSION = YES;
				CLANG_WARN_OBJC_ROOT_CLASS = YES_ERROR;
				CLANG_WARN_QUOTED_INCLUDE_IN_FRAMEWORK_HEADER = YES;
				CLANG_WARN_RANGE_LOOP_ANALYSIS = YES;
				CLANG_WARN_STRICT_PROTOTYPES = YES;
				CLANG_WARN_SUSPICIOUS_MOVE = YES;
				CLANG_WARN_UNGUARDED_AVAILABILITY = YES_AGGRESSIVE;
				CLANG_WARN_UNREACHABLE_CODE = YES;
				CLANG_WARN__DUPLICATE_METHOD_MATCH = YES;
				COPY_PHASE_STRIP = NO;
				DEBUG_INFORMATION_FORMAT = "dwarf-with-dsym";
				ENABLE_NS_ASSERTIONS = NO;
				ENABLE_STRICT_OBJC_MSGSEND = YES;
				ENABLE_USER_SCRIPT_SANDBOXING = YES;
				GCC_C_LANGUAGE_STANDARD = gnu17;
				GCC_NO_COMMON_BLOCKS = YES;
				GCC_WARN_64_TO_32_BIT_CONVERSION = YES;
				GCC_WARN_ABOUT_RETURN_TYPE = YES_ERROR;
				GCC_WARN_UNDECLARED_SELECTOR = YES;
				GCC_WARN_UNINITIALIZED_AUTOS = YES_AGGRESSIVE;
				GCC_WARN_UNUSED_FUNCTION = YES;
				GCC_WARN_UNUSED_VARIABLE = YES;
				IPHONEOS_DEPLOYMENT_TARGET = 15.0;
				LOCALIZATION_PREFERS_STRING_CATALOGS = YES;
				MTL_ENABLE_DEBUG_INFO = NO;
				MTL_FAST_MATH = YES;
				SWIFT_COMPILATION_MODE = wholemodule;
			};
			name = Release;
		};
		850A2FFF2B0AE54D003B12B7 /* Debug */ = {
			isa = XCBuildConfiguration;
			buildSettings = {
				ASSETCATALOG_COMPILER_APPICON_NAME = AppIcon;
				ASSETCATALOG_COMPILER_GLOBAL_ACCENT_COLOR_NAME = AccentColor;
				CODE_SIGN_ENTITLEMENTS = amoring/amoring.entitlements;
				CODE_SIGN_STYLE = Automatic;
				CURRENT_PROJECT_VERSION = 1;
				DEVELOPMENT_ASSET_PATHS = "\"amoring/Preview Content\"";
				DEVELOPMENT_TEAM = 6S83TJN3P8;
				ENABLE_HARDENED_RUNTIME = YES;
				ENABLE_PREVIEWS = YES;
				GENERATE_INFOPLIST_FILE = YES;
				INFOPLIST_FILE = amoring/Info.plist;
				INFOPLIST_KEY_NSCameraUsageDescription = "We need access to your camera for scanning QR Code.";
				"INFOPLIST_KEY_UIApplicationSceneManifest_Generation[sdk=iphoneos*]" = YES;
				"INFOPLIST_KEY_UIApplicationSceneManifest_Generation[sdk=iphonesimulator*]" = YES;
				"INFOPLIST_KEY_UIApplicationSupportsIndirectInputEvents[sdk=iphoneos*]" = YES;
				"INFOPLIST_KEY_UIApplicationSupportsIndirectInputEvents[sdk=iphonesimulator*]" = YES;
				"INFOPLIST_KEY_UILaunchScreen_Generation[sdk=iphoneos*]" = YES;
				"INFOPLIST_KEY_UILaunchScreen_Generation[sdk=iphonesimulator*]" = YES;
				INFOPLIST_KEY_UILaunchStoryboardName = "Launch Screen .storyboard";
				"INFOPLIST_KEY_UIStatusBarStyle[sdk=iphoneos*]" = UIStatusBarStyleDefault;
				"INFOPLIST_KEY_UIStatusBarStyle[sdk=iphonesimulator*]" = UIStatusBarStyleDefault;
				INFOPLIST_KEY_UISupportedInterfaceOrientations_iPad = "UIInterfaceOrientationPortrait UIInterfaceOrientationPortraitUpsideDown UIInterfaceOrientationLandscapeLeft UIInterfaceOrientationLandscapeRight";
				INFOPLIST_KEY_UISupportedInterfaceOrientations_iPhone = "UIInterfaceOrientationPortrait UIInterfaceOrientationLandscapeLeft UIInterfaceOrientationLandscapeRight";
				IPHONEOS_DEPLOYMENT_TARGET = 15.0;
				LD_RUNPATH_SEARCH_PATHS = "@executable_path/Frameworks";
				"LD_RUNPATH_SEARCH_PATHS[sdk=macosx*]" = "@executable_path/../Frameworks";
				MACOSX_DEPLOYMENT_TARGET = 14.0;
				MARKETING_VERSION = 1.0;
				PRODUCT_BUNDLE_IDENTIFIER = "com.mellowing-factory.amoring";
				PRODUCT_NAME = Amoring;
				SDKROOT = auto;
				SUPPORTED_PLATFORMS = "iphoneos iphonesimulator macosx";
				SWIFT_EMIT_LOC_STRINGS = YES;
				SWIFT_VERSION = 5.0;
				TARGETED_DEVICE_FAMILY = "1,2";
			};
			name = Debug;
		};
		850A30002B0AE54D003B12B7 /* Release */ = {
			isa = XCBuildConfiguration;
			buildSettings = {
				ASSETCATALOG_COMPILER_APPICON_NAME = AppIcon;
				ASSETCATALOG_COMPILER_GLOBAL_ACCENT_COLOR_NAME = AccentColor;
				CODE_SIGN_ENTITLEMENTS = amoring/amoring.entitlements;
				CODE_SIGN_STYLE = Automatic;
				CURRENT_PROJECT_VERSION = 1;
				DEVELOPMENT_ASSET_PATHS = "\"amoring/Preview Content\"";
				DEVELOPMENT_TEAM = 6S83TJN3P8;
				ENABLE_HARDENED_RUNTIME = YES;
				ENABLE_PREVIEWS = YES;
				GENERATE_INFOPLIST_FILE = YES;
				INFOPLIST_FILE = amoring/Info.plist;
				INFOPLIST_KEY_NSCameraUsageDescription = "We need access to your camera for scanning QR Code.";
				"INFOPLIST_KEY_UIApplicationSceneManifest_Generation[sdk=iphoneos*]" = YES;
				"INFOPLIST_KEY_UIApplicationSceneManifest_Generation[sdk=iphonesimulator*]" = YES;
				"INFOPLIST_KEY_UIApplicationSupportsIndirectInputEvents[sdk=iphoneos*]" = YES;
				"INFOPLIST_KEY_UIApplicationSupportsIndirectInputEvents[sdk=iphonesimulator*]" = YES;
				"INFOPLIST_KEY_UILaunchScreen_Generation[sdk=iphoneos*]" = YES;
				"INFOPLIST_KEY_UILaunchScreen_Generation[sdk=iphonesimulator*]" = YES;
				INFOPLIST_KEY_UILaunchStoryboardName = "Launch Screen .storyboard";
				"INFOPLIST_KEY_UIStatusBarStyle[sdk=iphoneos*]" = UIStatusBarStyleDefault;
				"INFOPLIST_KEY_UIStatusBarStyle[sdk=iphonesimulator*]" = UIStatusBarStyleDefault;
				INFOPLIST_KEY_UISupportedInterfaceOrientations_iPad = "UIInterfaceOrientationPortrait UIInterfaceOrientationPortraitUpsideDown UIInterfaceOrientationLandscapeLeft UIInterfaceOrientationLandscapeRight";
				INFOPLIST_KEY_UISupportedInterfaceOrientations_iPhone = "UIInterfaceOrientationPortrait UIInterfaceOrientationLandscapeLeft UIInterfaceOrientationLandscapeRight";
				IPHONEOS_DEPLOYMENT_TARGET = 15.0;
				LD_RUNPATH_SEARCH_PATHS = "@executable_path/Frameworks";
				"LD_RUNPATH_SEARCH_PATHS[sdk=macosx*]" = "@executable_path/../Frameworks";
				MACOSX_DEPLOYMENT_TARGET = 14.0;
				MARKETING_VERSION = 1.0;
				PRODUCT_BUNDLE_IDENTIFIER = "com.mellowing-factory.amoring";
				PRODUCT_NAME = Amoring;
				SDKROOT = auto;
				SUPPORTED_PLATFORMS = "iphoneos iphonesimulator macosx";
				SWIFT_EMIT_LOC_STRINGS = YES;
				SWIFT_VERSION = 5.0;
				TARGETED_DEVICE_FAMILY = "1,2";
			};
			name = Release;
		};
		850A30022B0AE54D003B12B7 /* Debug */ = {
			isa = XCBuildConfiguration;
			buildSettings = {
				ALWAYS_EMBED_SWIFT_STANDARD_LIBRARIES = YES;
				BUNDLE_LOADER = "$(TEST_HOST)";
				CODE_SIGN_STYLE = Automatic;
				CURRENT_PROJECT_VERSION = 1;
				DEVELOPMENT_TEAM = 6S83TJN3P8;
				GENERATE_INFOPLIST_FILE = YES;
				IPHONEOS_DEPLOYMENT_TARGET = 17.0;
				MACOSX_DEPLOYMENT_TARGET = 14.0;
				MARKETING_VERSION = 1.0;
				PRODUCT_BUNDLE_IDENTIFIER = "com.mellowing-factory.amoringTests";
				PRODUCT_NAME = "$(TARGET_NAME)";
				SDKROOT = auto;
				SUPPORTED_PLATFORMS = "iphoneos iphonesimulator macosx";
				SWIFT_EMIT_LOC_STRINGS = NO;
				SWIFT_VERSION = 5.0;
				TARGETED_DEVICE_FAMILY = "1,2";
				TEST_HOST = "$(BUILT_PRODUCTS_DIR)/amoring.app/$(BUNDLE_EXECUTABLE_FOLDER_PATH)/amoring";
			};
			name = Debug;
		};
		850A30032B0AE54D003B12B7 /* Release */ = {
			isa = XCBuildConfiguration;
			buildSettings = {
				ALWAYS_EMBED_SWIFT_STANDARD_LIBRARIES = YES;
				BUNDLE_LOADER = "$(TEST_HOST)";
				CODE_SIGN_STYLE = Automatic;
				CURRENT_PROJECT_VERSION = 1;
				DEVELOPMENT_TEAM = 6S83TJN3P8;
				GENERATE_INFOPLIST_FILE = YES;
				IPHONEOS_DEPLOYMENT_TARGET = 17.0;
				MACOSX_DEPLOYMENT_TARGET = 14.0;
				MARKETING_VERSION = 1.0;
				PRODUCT_BUNDLE_IDENTIFIER = "com.mellowing-factory.amoringTests";
				PRODUCT_NAME = "$(TARGET_NAME)";
				SDKROOT = auto;
				SUPPORTED_PLATFORMS = "iphoneos iphonesimulator macosx";
				SWIFT_EMIT_LOC_STRINGS = NO;
				SWIFT_VERSION = 5.0;
				TARGETED_DEVICE_FAMILY = "1,2";
				TEST_HOST = "$(BUILT_PRODUCTS_DIR)/amoring.app/$(BUNDLE_EXECUTABLE_FOLDER_PATH)/amoring";
			};
			name = Release;
		};
		850A30052B0AE54D003B12B7 /* Debug */ = {
			isa = XCBuildConfiguration;
			buildSettings = {
				ALWAYS_EMBED_SWIFT_STANDARD_LIBRARIES = YES;
				CODE_SIGN_STYLE = Automatic;
				CURRENT_PROJECT_VERSION = 1;
				DEVELOPMENT_TEAM = 6S83TJN3P8;
				GENERATE_INFOPLIST_FILE = YES;
				IPHONEOS_DEPLOYMENT_TARGET = 17.0;
				MACOSX_DEPLOYMENT_TARGET = 14.0;
				MARKETING_VERSION = 1.0;
				PRODUCT_BUNDLE_IDENTIFIER = "com.mellowing-factory.amoringUITests";
				PRODUCT_NAME = "$(TARGET_NAME)";
				SDKROOT = auto;
				SUPPORTED_PLATFORMS = "iphoneos iphonesimulator macosx";
				SWIFT_EMIT_LOC_STRINGS = NO;
				SWIFT_VERSION = 5.0;
				TARGETED_DEVICE_FAMILY = "1,2";
				TEST_TARGET_NAME = amoring;
			};
			name = Debug;
		};
		850A30062B0AE54D003B12B7 /* Release */ = {
			isa = XCBuildConfiguration;
			buildSettings = {
				ALWAYS_EMBED_SWIFT_STANDARD_LIBRARIES = YES;
				CODE_SIGN_STYLE = Automatic;
				CURRENT_PROJECT_VERSION = 1;
				DEVELOPMENT_TEAM = 6S83TJN3P8;
				GENERATE_INFOPLIST_FILE = YES;
				IPHONEOS_DEPLOYMENT_TARGET = 17.0;
				MACOSX_DEPLOYMENT_TARGET = 14.0;
				MARKETING_VERSION = 1.0;
				PRODUCT_BUNDLE_IDENTIFIER = "com.mellowing-factory.amoringUITests";
				PRODUCT_NAME = "$(TARGET_NAME)";
				SDKROOT = auto;
				SUPPORTED_PLATFORMS = "iphoneos iphonesimulator macosx";
				SWIFT_EMIT_LOC_STRINGS = NO;
				SWIFT_VERSION = 5.0;
				TARGETED_DEVICE_FAMILY = "1,2";
				TEST_TARGET_NAME = amoring;
			};
			name = Release;
		};
/* End XCBuildConfiguration section */

/* Begin XCConfigurationList section */
		850A2FD42B0AE54B003B12B7 /* Build configuration list for PBXProject "amoring" */ = {
			isa = XCConfigurationList;
			buildConfigurations = (
				850A2FFC2B0AE54D003B12B7 /* Debug */,
				850A2FFD2B0AE54D003B12B7 /* Release */,
			);
			defaultConfigurationIsVisible = 0;
			defaultConfigurationName = Release;
		};
		850A2FFE2B0AE54D003B12B7 /* Build configuration list for PBXNativeTarget "amoring" */ = {
			isa = XCConfigurationList;
			buildConfigurations = (
				850A2FFF2B0AE54D003B12B7 /* Debug */,
				850A30002B0AE54D003B12B7 /* Release */,
			);
			defaultConfigurationIsVisible = 0;
			defaultConfigurationName = Release;
		};
		850A30012B0AE54D003B12B7 /* Build configuration list for PBXNativeTarget "amoringTests" */ = {
			isa = XCConfigurationList;
			buildConfigurations = (
				850A30022B0AE54D003B12B7 /* Debug */,
				850A30032B0AE54D003B12B7 /* Release */,
			);
			defaultConfigurationIsVisible = 0;
			defaultConfigurationName = Release;
		};
		850A30042B0AE54D003B12B7 /* Build configuration list for PBXNativeTarget "amoringUITests" */ = {
			isa = XCConfigurationList;
			buildConfigurations = (
				850A30052B0AE54D003B12B7 /* Debug */,
				850A30062B0AE54D003B12B7 /* Release */,
			);
			defaultConfigurationIsVisible = 0;
			defaultConfigurationName = Release;
		};
/* End XCConfigurationList section */

/* Begin XCLocalSwiftPackageReference section */
		85064AE12B2690DD0074E45A /* XCLocalSwiftPackageReference "SpaceXAPI" */ = {
			isa = XCLocalSwiftPackageReference;
			relativePath = SpaceXAPI;
		};
/* End XCLocalSwiftPackageReference section */

/* Begin XCRemoteSwiftPackageReference section */
		8522A5EE2B2AC912008AF703 /* XCRemoteSwiftPackageReference "swiftui-cached-async-image" */ = {
			isa = XCRemoteSwiftPackageReference;
			repositoryURL = "https://github.com/lorenzofiamingo/swiftui-cached-async-image";
			requirement = {
				kind = upToNextMajorVersion;
				minimumVersion = 2.1.1;
			};
		};
		853AFD4A2B1DB0890020A570 /* XCRemoteSwiftPackageReference "navigation-stack-backport" */ = {
			isa = XCRemoteSwiftPackageReference;
			repositoryURL = "https://github.com/lm/navigation-stack-backport.git";
			requirement = {
				kind = upToNextMajorVersion;
				minimumVersion = 1.0.0;
			};
		};
		85D0DECD2B352AE90029DA5D /* XCRemoteSwiftPackageReference "GoogleSignIn-iOS" */ = {
			isa = XCRemoteSwiftPackageReference;
			repositoryURL = "https://github.com/google/GoogleSignIn-iOS";
			requirement = {
				kind = upToNextMajorVersion;
				minimumVersion = 7.0.0;
			};
		};
		85D0DED22B3534840029DA5D /* XCRemoteSwiftPackageReference "kakao-ios-sdk" */ = {
			isa = XCRemoteSwiftPackageReference;
			repositoryURL = "https://github.com/kakao/kakao-ios-sdk";
			requirement = {
				kind = upToNextMajorVersion;
				minimumVersion = 2.20.0;
			};
		};
		85D0DEDE2B3A5B760029DA5D /* XCRemoteSwiftPackageReference "naveridlogin-sdk-ios" */ = {
			isa = XCRemoteSwiftPackageReference;
			repositoryURL = "https://github.com/naver/naveridlogin-sdk-ios.git";
			requirement = {
				branch = master;
				kind = branch;
			};
		};
		85FC20AF2B0EC38000DC1950 /* XCRemoteSwiftPackageReference "apollo-ios" */ = {
			isa = XCRemoteSwiftPackageReference;
			repositoryURL = "https://github.com/apollographql/apollo-ios.git";
			requirement = {
				kind = upToNextMajorVersion;
				minimumVersion = 1.7.1;
			};
		};
/* End XCRemoteSwiftPackageReference section */

/* Begin XCSwiftPackageProductDependency section */
		85064AE22B2690DD0074E45A /* SpaceXAPI */ = {
			isa = XCSwiftPackageProductDependency;
			productName = SpaceXAPI;
		};
		8522A5EF2B2AC912008AF703 /* CachedAsyncImage */ = {
			isa = XCSwiftPackageProductDependency;
			package = 8522A5EE2B2AC912008AF703 /* XCRemoteSwiftPackageReference "swiftui-cached-async-image" */;
			productName = CachedAsyncImage;
		};
		853AFD4B2B1DB0890020A570 /* NavigationStackBackport */ = {
			isa = XCSwiftPackageProductDependency;
			package = 853AFD4A2B1DB0890020A570 /* XCRemoteSwiftPackageReference "navigation-stack-backport" */;
			productName = NavigationStackBackport;
		};
		85806C4B2B22F7AB0077D12C /* SpaceXAPI */ = {
			isa = XCSwiftPackageProductDependency;
			productName = SpaceXAPI;
		};
		85806C502B22F90E0077D12C /* Apollo */ = {
			isa = XCSwiftPackageProductDependency;
			package = 85FC20AF2B0EC38000DC1950 /* XCRemoteSwiftPackageReference "apollo-ios" */;
			productName = Apollo;
		};
		85D0DECE2B352AE90029DA5D /* GoogleSignIn */ = {
			isa = XCSwiftPackageProductDependency;
			package = 85D0DECD2B352AE90029DA5D /* XCRemoteSwiftPackageReference "GoogleSignIn-iOS" */;
			productName = GoogleSignIn;
		};
		85D0DED02B352AE90029DA5D /* GoogleSignInSwift */ = {
			isa = XCSwiftPackageProductDependency;
			package = 85D0DECD2B352AE90029DA5D /* XCRemoteSwiftPackageReference "GoogleSignIn-iOS" */;
			productName = GoogleSignInSwift;
		};
		85D0DED32B3534840029DA5D /* KakaoSDKAuth */ = {
			isa = XCSwiftPackageProductDependency;
			package = 85D0DED22B3534840029DA5D /* XCRemoteSwiftPackageReference "kakao-ios-sdk" */;
			productName = KakaoSDKAuth;
		};
		85D0DED52B3534840029DA5D /* KakaoSDKCommon */ = {
			isa = XCSwiftPackageProductDependency;
			package = 85D0DED22B3534840029DA5D /* XCRemoteSwiftPackageReference "kakao-ios-sdk" */;
			productName = KakaoSDKCommon;
		};
		85D0DED72B3534840029DA5D /* KakaoSDKUser */ = {
			isa = XCSwiftPackageProductDependency;
			package = 85D0DED22B3534840029DA5D /* XCRemoteSwiftPackageReference "kakao-ios-sdk" */;
			productName = KakaoSDKUser;
		};
/* End XCSwiftPackageProductDependency section */
	};
	rootObject = 850A2FD12B0AE54B003B12B7 /* Project object */;
}
